// !$*UTF8*$!
{
	archiveVersion = 1;
	classes = {
	};
	objectVersion = 46;
	objects = {

/* Begin PBXBuildFile section */
		695F99E41A573DB700A80D12 /* ApprovePurchaseViewController.m in Sources */ = {isa = PBXBuildFile; fileRef = 695F99E31A573DB700A80D12 /* ApprovePurchaseViewController.m */; };
		69765FED1A51BE5A004A0F46 /* MyAccountViewController.m in Sources */ = {isa = PBXBuildFile; fileRef = 69765FEC1A51BE5A004A0F46 /* MyAccountViewController.m */; };
		697E05811A434121000146C6 /* BTRUtility.m in Sources */ = {isa = PBXBuildFile; fileRef = 697E05801A434121000146C6 /* BTRUtility.m */; };
		69807AEA1A4210740001A154 /* neulogo.png in Resources */ = {isa = PBXBuildFile; fileRef = 69807AE91A4210740001A154 /* neulogo.png */; };
		69807AEE1A42131E0001A154 /* neuaccount.png in Resources */ = {isa = PBXBuildFile; fileRef = 69807AED1A42131E0001A154 /* neuaccount.png */; };
		69807AF01A4215490001A154 /* neucart.png in Resources */ = {isa = PBXBuildFile; fileRef = 69807AEF1A4215490001A154 /* neucart.png */; };
		698679FD1A4351A4003CE59C /* neulogocentered.png in Resources */ = {isa = PBXBuildFile; fileRef = 698679FC1A4351A4003CE59C /* neulogocentered.png */; };
		69867A051A43894B003CE59C /* neumyaccount.png in Resources */ = {isa = PBXBuildFile; fileRef = 69867A041A43894B003CE59C /* neumyaccount.png */; };
		69867A071A438A8C003CE59C /* bagicon.png in Resources */ = {isa = PBXBuildFile; fileRef = 69867A061A438A8C003CE59C /* bagicon.png */; };
		69867A0B1A446FCA003CE59C /* backarrowcool.png in Resources */ = {isa = PBXBuildFile; fileRef = 69867A0A1A446FCA003CE59C /* backarrowcool.png */; };
		69867A151A44A701003CE59C /* MainViewController.m in Sources */ = {isa = PBXBuildFile; fileRef = 69867A141A44A701003CE59C /* MainViewController.m */; };
		69B02CA01A5DA23100040C86 /* TTBlackTriangle.m in Sources */ = {isa = PBXBuildFile; fileRef = 69B02C911A5DA23100040C86 /* TTBlackTriangle.m */; };
		69B02CA11A5DA23100040C86 /* TTScrollSlidingPagesController.m in Sources */ = {isa = PBXBuildFile; fileRef = 69B02C931A5DA23100040C86 /* TTScrollSlidingPagesController.m */; };
		69B02CA21A5DA23100040C86 /* TTScrollViewWrapper.m in Sources */ = {isa = PBXBuildFile; fileRef = 69B02C951A5DA23100040C86 /* TTScrollViewWrapper.m */; };
		69B02CA31A5DA23100040C86 /* TTSlidingPage.m in Sources */ = {isa = PBXBuildFile; fileRef = 69B02C981A5DA23100040C86 /* TTSlidingPage.m */; };
		69B02CA41A5DA23100040C86 /* TTSlidingPageTitle.m in Sources */ = {isa = PBXBuildFile; fileRef = 69B02C9B1A5DA23100040C86 /* TTSlidingPageTitle.m */; };
		69B02CAD1A5DA70700040C86 /* EventsTableTableViewController.m in Sources */ = {isa = PBXBuildFile; fileRef = 69B02CAB1A5DA70700040C86 /* EventsTableTableViewController.m */; };
		69B02CAE1A5DA70700040C86 /* EventsTableTableViewController.xib in Resources */ = {isa = PBXBuildFile; fileRef = 69B02CAC1A5DA70700040C86 /* EventsTableTableViewController.xib */; };
		69B02CB11A5DA80900040C86 /* TTUITableViewZoomController.m in Sources */ = {isa = PBXBuildFile; fileRef = 69B02CB01A5DA80900040C86 /* TTUITableViewZoomController.m */; };
		69B02CB41A5DBAB000040C86 /* CategoryViewController.m in Sources */ = {isa = PBXBuildFile; fileRef = 69B02CB31A5DBAB000040C86 /* CategoryViewController.m */; };
		69B02CBD1A5ED32700040C86 /* EventTableViewCell.m in Sources */ = {isa = PBXBuildFile; fileRef = 69B02CBB1A5ED32700040C86 /* EventTableViewCell.m */; };
		69B02CBE1A5ED32700040C86 /* EventTableViewCell.xib in Resources */ = {isa = PBXBuildFile; fileRef = 69B02CBC1A5ED32700040C86 /* EventTableViewCell.xib */; };
		69B02CC01A60304000040C86 /* CoreData.framework in Frameworks */ = {isa = PBXBuildFile; fileRef = 69B02CBF1A60304000040C86 /* CoreData.framework */; };
		69B02CC71A6031A700040C86 /* Model.xcdatamodeld in Sources */ = {isa = PBXBuildFile; fileRef = 69B02CC51A6031A700040C86 /* Model.xcdatamodeld */; };
		69B02CCA1A60471500040C86 /* Order.m in Sources */ = {isa = PBXBuildFile; fileRef = 69B02CC91A60471500040C86 /* Order.m */; };
		69B02CCD1A60471600040C86 /* BagItem.m in Sources */ = {isa = PBXBuildFile; fileRef = 69B02CCC1A60471600040C86 /* BagItem.m */; };
		69B02CD01A60471600040C86 /* Item.m in Sources */ = {isa = PBXBuildFile; fileRef = 69B02CCF1A60471600040C86 /* Item.m */; };
		69B02CD31A60471600040C86 /* Event.m in Sources */ = {isa = PBXBuildFile; fileRef = 69B02CD21A60471600040C86 /* Event.m */; };
		69B02CD61A60471600040C86 /* User.m in Sources */ = {isa = PBXBuildFile; fileRef = 69B02CD51A60471600040C86 /* User.m */; };
		69B02CD91A60471600040C86 /* General1.m in Sources */ = {isa = PBXBuildFile; fileRef = 69B02CD81A60471600040C86 /* General1.m */; };
		69B02CDC1A60471600040C86 /* General3.m in Sources */ = {isa = PBXBuildFile; fileRef = 69B02CDB1A60471600040C86 /* General3.m */; };
		69B02CDF1A60471600040C86 /* General2.m in Sources */ = {isa = PBXBuildFile; fileRef = 69B02CDE1A60471600040C86 /* General2.m */; };
		69B02CE21A60471600040C86 /* UserNotifications.m in Sources */ = {isa = PBXBuildFile; fileRef = 69B02CE11A60471600040C86 /* UserNotifications.m */; };
		69B02CE51A60471600040C86 /* ShippingAddress.m in Sources */ = {isa = PBXBuildFile; fileRef = 69B02CE41A60471600040C86 /* ShippingAddress.m */; };
		69B02CE81A60471600040C86 /* PaymentDetails.m in Sources */ = {isa = PBXBuildFile; fileRef = 69B02CE71A60471600040C86 /* PaymentDetails.m */; };
		69B55F0D1A4B1AFC009A5524 /* ShoppingBagViewController.m in Sources */ = {isa = PBXBuildFile; fileRef = 69B55F0B1A4B1AFC009A5524 /* ShoppingBagViewController.m */; };
		69C15AB01A51FFE200D6E358 /* bareffect.png in Resources */ = {isa = PBXBuildFile; fileRef = 69C15AAF1A51FFE200D6E358 /* bareffect.png */; };
		69EB9E131A5B00D2003A48F1 /* itemInBag.png in Resources */ = {isa = PBXBuildFile; fileRef = 69EB9E121A5B00D2003A48F1 /* itemInBag.png */; };
		69F734D71A5AEA0500698081 /* eventcurveycloset.png in Resources */ = {isa = PBXBuildFile; fileRef = 69F734C91A5AEA0500698081 /* eventcurveycloset.png */; };
		69F734D81A5AEA0500698081 /* eventholidaysale.png in Resources */ = {isa = PBXBuildFile; fileRef = 69F734CA1A5AEA0500698081 /* eventholidaysale.png */; };
		69F734D91A5AEA0500698081 /* eventhome1.png in Resources */ = {isa = PBXBuildFile; fileRef = 69F734CB1A5AEA0500698081 /* eventhome1.png */; };
		69F734DA1A5AEA0500698081 /* eventhome2.png in Resources */ = {isa = PBXBuildFile; fileRef = 69F734CC1A5AEA0500698081 /* eventhome2.png */; };
		69F734DB1A5AEA0500698081 /* eventkids.png in Resources */ = {isa = PBXBuildFile; fileRef = 69F734CD1A5AEA0500698081 /* eventkids.png */; };
		69F734DC1A5AEA0500698081 /* eventmen1.png in Resources */ = {isa = PBXBuildFile; fileRef = 69F734CE1A5AEA0500698081 /* eventmen1.png */; };
		69F734DD1A5AEA0500698081 /* eventmen2.png in Resources */ = {isa = PBXBuildFile; fileRef = 69F734CF1A5AEA0500698081 /* eventmen2.png */; };
		69F734DE1A5AEA0500698081 /* eventoutlet1.png in Resources */ = {isa = PBXBuildFile; fileRef = 69F734D01A5AEA0500698081 /* eventoutlet1.png */; };
		69F734DF1A5AEA0500698081 /* eventoutlet2.png in Resources */ = {isa = PBXBuildFile; fileRef = 69F734D11A5AEA0500698081 /* eventoutlet2.png */; };
		69F734E01A5AEA0500698081 /* eventoutlet4.png in Resources */ = {isa = PBXBuildFile; fileRef = 69F734D21A5AEA0500698081 /* eventoutlet4.png */; };
		69F734E11A5AEA0500698081 /* eventoutlet3.png in Resources */ = {isa = PBXBuildFile; fileRef = 69F734D31A5AEA0500698081 /* eventoutlet3.png */; };
		69F734E21A5AEA0500698081 /* eventwomen1.png in Resources */ = {isa = PBXBuildFile; fileRef = 69F734D41A5AEA0500698081 /* eventwomen1.png */; };
		69F734E31A5AEA0500698081 /* eventwomen2.png in Resources */ = {isa = PBXBuildFile; fileRef = 69F734D51A5AEA0500698081 /* eventwomen2.png */; };
		69F734E41A5AEA0500698081 /* eventwomen3.png in Resources */ = {isa = PBXBuildFile; fileRef = 69F734D61A5AEA0500698081 /* eventwomen3.png */; };
		69FF40691A3F8939000BD092 /* main.m in Sources */ = {isa = PBXBuildFile; fileRef = 69FF40681A3F8939000BD092 /* main.m */; };
		69FF406C1A3F8939000BD092 /* AppDelegate.m in Sources */ = {isa = PBXBuildFile; fileRef = 69FF406B1A3F8939000BD092 /* AppDelegate.m */; };
		69FF40751A3F8939000BD092 /* Main.storyboard in Resources */ = {isa = PBXBuildFile; fileRef = 69FF40731A3F8939000BD092 /* Main.storyboard */; };
		69FF40771A3F8939000BD092 /* Images.xcassets in Resources */ = {isa = PBXBuildFile; fileRef = 69FF40761A3F8939000BD092 /* Images.xcassets */; };
		69FF407A1A3F8939000BD092 /* LaunchScreen.xib in Resources */ = {isa = PBXBuildFile; fileRef = 69FF40781A3F8939000BD092 /* LaunchScreen.xib */; };
		69FF40861A3F8939000BD092 /* BeyondTheRackTests.m in Sources */ = {isa = PBXBuildFile; fileRef = 69FF40851A3F8939000BD092 /* BeyondTheRackTests.m */; };
/* End PBXBuildFile section */

/* Begin PBXContainerItemProxy section */
		69FF40801A3F8939000BD092 /* PBXContainerItemProxy */ = {
			isa = PBXContainerItemProxy;
			containerPortal = 69FF405B1A3F8939000BD092 /* Project object */;
			proxyType = 1;
			remoteGlobalIDString = 69FF40621A3F8939000BD092;
			remoteInfo = BeyondTheRack;
		};
/* End PBXContainerItemProxy section */

/* Begin PBXFileReference section */
		695F99E21A573DB700A80D12 /* ApprovePurchaseViewController.h */ = {isa = PBXFileReference; fileEncoding = 4; lastKnownFileType = sourcecode.c.h; path = ApprovePurchaseViewController.h; sourceTree = "<group>"; };
		695F99E31A573DB700A80D12 /* ApprovePurchaseViewController.m */ = {isa = PBXFileReference; fileEncoding = 4; lastKnownFileType = sourcecode.c.objc; path = ApprovePurchaseViewController.m; sourceTree = "<group>"; };
		69765FEB1A51BE5A004A0F46 /* MyAccountViewController.h */ = {isa = PBXFileReference; fileEncoding = 4; lastKnownFileType = sourcecode.c.h; path = MyAccountViewController.h; sourceTree = "<group>"; };
		69765FEC1A51BE5A004A0F46 /* MyAccountViewController.m */ = {isa = PBXFileReference; fileEncoding = 4; lastKnownFileType = sourcecode.c.objc; path = MyAccountViewController.m; sourceTree = "<group>"; };
		697E057F1A434121000146C6 /* BTRUtility.h */ = {isa = PBXFileReference; fileEncoding = 4; lastKnownFileType = sourcecode.c.h; path = BTRUtility.h; sourceTree = "<group>"; };
		697E05801A434121000146C6 /* BTRUtility.m */ = {isa = PBXFileReference; fileEncoding = 4; lastKnownFileType = sourcecode.c.objc; path = BTRUtility.m; sourceTree = "<group>"; };
		69807AE91A4210740001A154 /* neulogo.png */ = {isa = PBXFileReference; lastKnownFileType = image.png; path = neulogo.png; sourceTree = "<group>"; };
		69807AED1A42131E0001A154 /* neuaccount.png */ = {isa = PBXFileReference; lastKnownFileType = image.png; path = neuaccount.png; sourceTree = "<group>"; };
		69807AEF1A4215490001A154 /* neucart.png */ = {isa = PBXFileReference; lastKnownFileType = image.png; path = neucart.png; sourceTree = "<group>"; };
		698679FB1A434860003CE59C /* BeyondTheRack-Prefix.pch */ = {isa = PBXFileReference; fileEncoding = 4; lastKnownFileType = sourcecode.c.h; path = "BeyondTheRack-Prefix.pch"; sourceTree = "<group>"; };
		698679FC1A4351A4003CE59C /* neulogocentered.png */ = {isa = PBXFileReference; lastKnownFileType = image.png; path = neulogocentered.png; sourceTree = "<group>"; };
		69867A041A43894B003CE59C /* neumyaccount.png */ = {isa = PBXFileReference; lastKnownFileType = image.png; path = neumyaccount.png; sourceTree = "<group>"; };
		69867A061A438A8C003CE59C /* bagicon.png */ = {isa = PBXFileReference; lastKnownFileType = image.png; path = bagicon.png; sourceTree = "<group>"; };
		69867A0A1A446FCA003CE59C /* backarrowcool.png */ = {isa = PBXFileReference; lastKnownFileType = image.png; path = backarrowcool.png; sourceTree = "<group>"; };
		69867A131A44A701003CE59C /* MainViewController.h */ = {isa = PBXFileReference; fileEncoding = 4; lastKnownFileType = sourcecode.c.h; path = MainViewController.h; sourceTree = "<group>"; };
		69867A141A44A701003CE59C /* MainViewController.m */ = {isa = PBXFileReference; fileEncoding = 4; lastKnownFileType = sourcecode.c.objc; path = MainViewController.m; sourceTree = "<group>"; };
		69B02C901A5DA23100040C86 /* TTBlackTriangle.h */ = {isa = PBXFileReference; fileEncoding = 4; lastKnownFileType = sourcecode.c.h; path = TTBlackTriangle.h; sourceTree = "<group>"; };
		69B02C911A5DA23100040C86 /* TTBlackTriangle.m */ = {isa = PBXFileReference; fileEncoding = 4; lastKnownFileType = sourcecode.c.objc; path = TTBlackTriangle.m; sourceTree = "<group>"; };
		69B02C921A5DA23100040C86 /* TTScrollSlidingPagesController.h */ = {isa = PBXFileReference; fileEncoding = 4; lastKnownFileType = sourcecode.c.h; path = TTScrollSlidingPagesController.h; sourceTree = "<group>"; };
		69B02C931A5DA23100040C86 /* TTScrollSlidingPagesController.m */ = {isa = PBXFileReference; fileEncoding = 4; lastKnownFileType = sourcecode.c.objc; path = TTScrollSlidingPagesController.m; sourceTree = "<group>"; };
		69B02C941A5DA23100040C86 /* TTScrollViewWrapper.h */ = {isa = PBXFileReference; fileEncoding = 4; lastKnownFileType = sourcecode.c.h; path = TTScrollViewWrapper.h; sourceTree = "<group>"; };
		69B02C951A5DA23100040C86 /* TTScrollViewWrapper.m */ = {isa = PBXFileReference; fileEncoding = 4; lastKnownFileType = sourcecode.c.objc; path = TTScrollViewWrapper.m; sourceTree = "<group>"; };
		69B02C961A5DA23100040C86 /* TTSliddingPageDelegate.h */ = {isa = PBXFileReference; fileEncoding = 4; lastKnownFileType = sourcecode.c.h; path = TTSliddingPageDelegate.h; sourceTree = "<group>"; };
		69B02C971A5DA23100040C86 /* TTSlidingPage.h */ = {isa = PBXFileReference; fileEncoding = 4; lastKnownFileType = sourcecode.c.h; path = TTSlidingPage.h; sourceTree = "<group>"; };
		69B02C981A5DA23100040C86 /* TTSlidingPage.m */ = {isa = PBXFileReference; fileEncoding = 4; lastKnownFileType = sourcecode.c.objc; path = TTSlidingPage.m; sourceTree = "<group>"; };
		69B02C991A5DA23100040C86 /* TTSlidingPagesDataSource.h */ = {isa = PBXFileReference; fileEncoding = 4; lastKnownFileType = sourcecode.c.h; path = TTSlidingPagesDataSource.h; sourceTree = "<group>"; };
		69B02C9A1A5DA23100040C86 /* TTSlidingPageTitle.h */ = {isa = PBXFileReference; fileEncoding = 4; lastKnownFileType = sourcecode.c.h; path = TTSlidingPageTitle.h; sourceTree = "<group>"; };
		69B02C9B1A5DA23100040C86 /* TTSlidingPageTitle.m */ = {isa = PBXFileReference; fileEncoding = 4; lastKnownFileType = sourcecode.c.objc; path = TTSlidingPageTitle.m; sourceTree = "<group>"; };
		69B02C9C1A5DA23100040C86 /* TTUIScrollViewSlidingPages.h */ = {isa = PBXFileReference; fileEncoding = 4; lastKnownFileType = sourcecode.c.h; path = TTUIScrollViewSlidingPages.h; sourceTree = "<group>"; };
		69B02CAA1A5DA70700040C86 /* EventsTableTableViewController.h */ = {isa = PBXFileReference; fileEncoding = 4; lastKnownFileType = sourcecode.c.h; path = EventsTableTableViewController.h; sourceTree = "<group>"; };
		69B02CAB1A5DA70700040C86 /* EventsTableTableViewController.m */ = {isa = PBXFileReference; fileEncoding = 4; lastKnownFileType = sourcecode.c.objc; path = EventsTableTableViewController.m; sourceTree = "<group>"; };
		69B02CAC1A5DA70700040C86 /* EventsTableTableViewController.xib */ = {isa = PBXFileReference; fileEncoding = 4; lastKnownFileType = file.xib; path = EventsTableTableViewController.xib; sourceTree = "<group>"; };
		69B02CAF1A5DA80900040C86 /* TTUITableViewZoomController.h */ = {isa = PBXFileReference; fileEncoding = 4; lastKnownFileType = sourcecode.c.h; path = TTUITableViewZoomController.h; sourceTree = "<group>"; };
		69B02CB01A5DA80900040C86 /* TTUITableViewZoomController.m */ = {isa = PBXFileReference; fileEncoding = 4; lastKnownFileType = sourcecode.c.objc; path = TTUITableViewZoomController.m; sourceTree = "<group>"; };
		69B02CB21A5DBAB000040C86 /* CategoryViewController.h */ = {isa = PBXFileReference; fileEncoding = 4; lastKnownFileType = sourcecode.c.h; path = CategoryViewController.h; sourceTree = "<group>"; };
		69B02CB31A5DBAB000040C86 /* CategoryViewController.m */ = {isa = PBXFileReference; fileEncoding = 4; lastKnownFileType = sourcecode.c.objc; path = CategoryViewController.m; sourceTree = "<group>"; };
		69B02CBA1A5ED32700040C86 /* EventTableViewCell.h */ = {isa = PBXFileReference; fileEncoding = 4; lastKnownFileType = sourcecode.c.h; path = EventTableViewCell.h; sourceTree = "<group>"; };
		69B02CBB1A5ED32700040C86 /* EventTableViewCell.m */ = {isa = PBXFileReference; fileEncoding = 4; lastKnownFileType = sourcecode.c.objc; path = EventTableViewCell.m; sourceTree = "<group>"; };
		69B02CBC1A5ED32700040C86 /* EventTableViewCell.xib */ = {isa = PBXFileReference; fileEncoding = 4; lastKnownFileType = file.xib; path = EventTableViewCell.xib; sourceTree = "<group>"; };
		69B02CBF1A60304000040C86 /* CoreData.framework */ = {isa = PBXFileReference; lastKnownFileType = wrapper.framework; name = CoreData.framework; path = System/Library/Frameworks/CoreData.framework; sourceTree = SDKROOT; };
		69B02CC61A6031A700040C86 /* Model.xcdatamodel */ = {isa = PBXFileReference; lastKnownFileType = wrapper.xcdatamodel; path = Model.xcdatamodel; sourceTree = "<group>"; };
		69B02CC81A60471500040C86 /* Order.h */ = {isa = PBXFileReference; fileEncoding = 4; lastKnownFileType = sourcecode.c.h; path = Order.h; sourceTree = "<group>"; };
		69B02CC91A60471500040C86 /* Order.m */ = {isa = PBXFileReference; fileEncoding = 4; lastKnownFileType = sourcecode.c.objc; path = Order.m; sourceTree = "<group>"; };
		69B02CCB1A60471600040C86 /* BagItem.h */ = {isa = PBXFileReference; fileEncoding = 4; lastKnownFileType = sourcecode.c.h; path = BagItem.h; sourceTree = "<group>"; };
		69B02CCC1A60471600040C86 /* BagItem.m */ = {isa = PBXFileReference; fileEncoding = 4; lastKnownFileType = sourcecode.c.objc; path = BagItem.m; sourceTree = "<group>"; };
		69B02CCE1A60471600040C86 /* Item.h */ = {isa = PBXFileReference; fileEncoding = 4; lastKnownFileType = sourcecode.c.h; path = Item.h; sourceTree = "<group>"; };
		69B02CCF1A60471600040C86 /* Item.m */ = {isa = PBXFileReference; fileEncoding = 4; lastKnownFileType = sourcecode.c.objc; path = Item.m; sourceTree = "<group>"; };
		69B02CD11A60471600040C86 /* Event.h */ = {isa = PBXFileReference; fileEncoding = 4; lastKnownFileType = sourcecode.c.h; path = Event.h; sourceTree = "<group>"; };
		69B02CD21A60471600040C86 /* Event.m */ = {isa = PBXFileReference; fileEncoding = 4; lastKnownFileType = sourcecode.c.objc; path = Event.m; sourceTree = "<group>"; };
		69B02CD41A60471600040C86 /* User.h */ = {isa = PBXFileReference; fileEncoding = 4; lastKnownFileType = sourcecode.c.h; path = User.h; sourceTree = "<group>"; };
		69B02CD51A60471600040C86 /* User.m */ = {isa = PBXFileReference; fileEncoding = 4; lastKnownFileType = sourcecode.c.objc; path = User.m; sourceTree = "<group>"; };
		69B02CD71A60471600040C86 /* General1.h */ = {isa = PBXFileReference; fileEncoding = 4; lastKnownFileType = sourcecode.c.h; path = General1.h; sourceTree = "<group>"; };
		69B02CD81A60471600040C86 /* General1.m */ = {isa = PBXFileReference; fileEncoding = 4; lastKnownFileType = sourcecode.c.objc; path = General1.m; sourceTree = "<group>"; };
		69B02CDA1A60471600040C86 /* General3.h */ = {isa = PBXFileReference; fileEncoding = 4; lastKnownFileType = sourcecode.c.h; path = General3.h; sourceTree = "<group>"; };
		69B02CDB1A60471600040C86 /* General3.m */ = {isa = PBXFileReference; fileEncoding = 4; lastKnownFileType = sourcecode.c.objc; path = General3.m; sourceTree = "<group>"; };
		69B02CDD1A60471600040C86 /* General2.h */ = {isa = PBXFileReference; fileEncoding = 4; lastKnownFileType = sourcecode.c.h; path = General2.h; sourceTree = "<group>"; };
		69B02CDE1A60471600040C86 /* General2.m */ = {isa = PBXFileReference; fileEncoding = 4; lastKnownFileType = sourcecode.c.objc; path = General2.m; sourceTree = "<group>"; };
		69B02CE01A60471600040C86 /* UserNotifications.h */ = {isa = PBXFileReference; fileEncoding = 4; lastKnownFileType = sourcecode.c.h; path = UserNotifications.h; sourceTree = "<group>"; };
		69B02CE11A60471600040C86 /* UserNotifications.m */ = {isa = PBXFileReference; fileEncoding = 4; lastKnownFileType = sourcecode.c.objc; path = UserNotifications.m; sourceTree = "<group>"; };
		69B02CE31A60471600040C86 /* ShippingAddress.h */ = {isa = PBXFileReference; fileEncoding = 4; lastKnownFileType = sourcecode.c.h; path = ShippingAddress.h; sourceTree = "<group>"; };
		69B02CE41A60471600040C86 /* ShippingAddress.m */ = {isa = PBXFileReference; fileEncoding = 4; lastKnownFileType = sourcecode.c.objc; path = ShippingAddress.m; sourceTree = "<group>"; };
		69B02CE61A60471600040C86 /* PaymentDetails.h */ = {isa = PBXFileReference; fileEncoding = 4; lastKnownFileType = sourcecode.c.h; path = PaymentDetails.h; sourceTree = "<group>"; };
		69B02CE71A60471600040C86 /* PaymentDetails.m */ = {isa = PBXFileReference; fileEncoding = 4; lastKnownFileType = sourcecode.c.objc; path = PaymentDetails.m; sourceTree = "<group>"; };
		69B55F0A1A4B1AFC009A5524 /* ShoppingBagViewController.h */ = {isa = PBXFileReference; fileEncoding = 4; lastKnownFileType = sourcecode.c.h; path = ShoppingBagViewController.h; sourceTree = "<group>"; };
		69B55F0B1A4B1AFC009A5524 /* ShoppingBagViewController.m */ = {isa = PBXFileReference; fileEncoding = 4; lastKnownFileType = sourcecode.c.objc; path = ShoppingBagViewController.m; sourceTree = "<group>"; };
		69C15AAF1A51FFE200D6E358 /* bareffect.png */ = {isa = PBXFileReference; lastKnownFileType = image.png; name = bareffect.png; path = "category pics/bareffect.png"; sourceTree = "<group>"; };
		69EB9E121A5B00D2003A48F1 /* itemInBag.png */ = {isa = PBXFileReference; lastKnownFileType = image.png; path = itemInBag.png; sourceTree = "<group>"; };
		69F734C91A5AEA0500698081 /* eventcurveycloset.png */ = {isa = PBXFileReference; lastKnownFileType = image.png; path = eventcurveycloset.png; sourceTree = "<group>"; };
		69F734CA1A5AEA0500698081 /* eventholidaysale.png */ = {isa = PBXFileReference; lastKnownFileType = image.png; path = eventholidaysale.png; sourceTree = "<group>"; };
		69F734CB1A5AEA0500698081 /* eventhome1.png */ = {isa = PBXFileReference; lastKnownFileType = image.png; path = eventhome1.png; sourceTree = "<group>"; };
		69F734CC1A5AEA0500698081 /* eventhome2.png */ = {isa = PBXFileReference; lastKnownFileType = image.png; path = eventhome2.png; sourceTree = "<group>"; };
		69F734CD1A5AEA0500698081 /* eventkids.png */ = {isa = PBXFileReference; lastKnownFileType = image.png; path = eventkids.png; sourceTree = "<group>"; };
		69F734CE1A5AEA0500698081 /* eventmen1.png */ = {isa = PBXFileReference; lastKnownFileType = image.png; path = eventmen1.png; sourceTree = "<group>"; };
		69F734CF1A5AEA0500698081 /* eventmen2.png */ = {isa = PBXFileReference; lastKnownFileType = image.png; path = eventmen2.png; sourceTree = "<group>"; };
		69F734D01A5AEA0500698081 /* eventoutlet1.png */ = {isa = PBXFileReference; lastKnownFileType = image.png; path = eventoutlet1.png; sourceTree = "<group>"; };
		69F734D11A5AEA0500698081 /* eventoutlet2.png */ = {isa = PBXFileReference; lastKnownFileType = image.png; path = eventoutlet2.png; sourceTree = "<group>"; };
		69F734D21A5AEA0500698081 /* eventoutlet4.png */ = {isa = PBXFileReference; lastKnownFileType = image.png; path = eventoutlet4.png; sourceTree = "<group>"; };
		69F734D31A5AEA0500698081 /* eventoutlet3.png */ = {isa = PBXFileReference; lastKnownFileType = image.png; path = eventoutlet3.png; sourceTree = "<group>"; };
		69F734D41A5AEA0500698081 /* eventwomen1.png */ = {isa = PBXFileReference; lastKnownFileType = image.png; path = eventwomen1.png; sourceTree = "<group>"; };
		69F734D51A5AEA0500698081 /* eventwomen2.png */ = {isa = PBXFileReference; lastKnownFileType = image.png; path = eventwomen2.png; sourceTree = "<group>"; };
		69F734D61A5AEA0500698081 /* eventwomen3.png */ = {isa = PBXFileReference; lastKnownFileType = image.png; path = eventwomen3.png; sourceTree = "<group>"; };
		69FF40631A3F8939000BD092 /* BeyondTheRack.app */ = {isa = PBXFileReference; explicitFileType = wrapper.application; includeInIndex = 0; path = BeyondTheRack.app; sourceTree = BUILT_PRODUCTS_DIR; };
		69FF40671A3F8939000BD092 /* Info.plist */ = {isa = PBXFileReference; lastKnownFileType = text.plist.xml; path = Info.plist; sourceTree = "<group>"; };
		69FF40681A3F8939000BD092 /* main.m */ = {isa = PBXFileReference; lastKnownFileType = sourcecode.c.objc; path = main.m; sourceTree = "<group>"; };
		69FF406A1A3F8939000BD092 /* AppDelegate.h */ = {isa = PBXFileReference; lastKnownFileType = sourcecode.c.h; path = AppDelegate.h; sourceTree = "<group>"; };
		69FF406B1A3F8939000BD092 /* AppDelegate.m */ = {isa = PBXFileReference; lastKnownFileType = sourcecode.c.objc; path = AppDelegate.m; sourceTree = "<group>"; };
		69FF40741A3F8939000BD092 /* Base */ = {isa = PBXFileReference; lastKnownFileType = file.storyboard; name = Base; path = Base.lproj/Main.storyboard; sourceTree = "<group>"; };
		69FF40761A3F8939000BD092 /* Images.xcassets */ = {isa = PBXFileReference; lastKnownFileType = folder.assetcatalog; path = Images.xcassets; sourceTree = "<group>"; };
		69FF40791A3F8939000BD092 /* Base */ = {isa = PBXFileReference; lastKnownFileType = file.xib; name = Base; path = Base.lproj/LaunchScreen.xib; sourceTree = "<group>"; };
		69FF407F1A3F8939000BD092 /* BeyondTheRackTests.xctest */ = {isa = PBXFileReference; explicitFileType = wrapper.cfbundle; includeInIndex = 0; path = BeyondTheRackTests.xctest; sourceTree = BUILT_PRODUCTS_DIR; };
		69FF40841A3F8939000BD092 /* Info.plist */ = {isa = PBXFileReference; lastKnownFileType = text.plist.xml; path = Info.plist; sourceTree = "<group>"; };
		69FF40851A3F8939000BD092 /* BeyondTheRackTests.m */ = {isa = PBXFileReference; lastKnownFileType = sourcecode.c.objc; path = BeyondTheRackTests.m; sourceTree = "<group>"; };
/* End PBXFileReference section */

/* Begin PBXFrameworksBuildPhase section */
		69FF40601A3F8939000BD092 /* Frameworks */ = {
			isa = PBXFrameworksBuildPhase;
			buildActionMask = 2147483647;
			files = (
				69B02CC01A60304000040C86 /* CoreData.framework in Frameworks */,
			);
			runOnlyForDeploymentPostprocessing = 0;
		};
		69FF407C1A3F8939000BD092 /* Frameworks */ = {
			isa = PBXFrameworksBuildPhase;
			buildActionMask = 2147483647;
			files = (
			);
			runOnlyForDeploymentPostprocessing = 0;
		};
/* End PBXFrameworksBuildPhase section */

/* Begin PBXGroup section */
		695F99D81A573D1500A80D12 /* checkout */ = {
			isa = PBXGroup;
			children = (
				69B55F0A1A4B1AFC009A5524 /* ShoppingBagViewController.h */,
				69B55F0B1A4B1AFC009A5524 /* ShoppingBagViewController.m */,
				695F99E21A573DB700A80D12 /* ApprovePurchaseViewController.h */,
				695F99E31A573DB700A80D12 /* ApprovePurchaseViewController.m */,
			);
			name = checkout;
			sourceTree = "<group>";
		};
		697E057B1A432FCD000146C6 /* View */ = {
			isa = PBXGroup;
			children = (
				69B02CBA1A5ED32700040C86 /* EventTableViewCell.h */,
				69B02CBB1A5ED32700040C86 /* EventTableViewCell.m */,
				69B02CBC1A5ED32700040C86 /* EventTableViewCell.xib */,
			);
			name = View;
			path = view;
			sourceTree = "<group>";
		};
		697E057C1A432FCD000146C6 /* ViewController */ = {
			isa = PBXGroup;
			children = (
				69867A131A44A701003CE59C /* MainViewController.h */,
				69867A141A44A701003CE59C /* MainViewController.m */,
				69B02CB21A5DBAB000040C86 /* CategoryViewController.h */,
				69B02CB31A5DBAB000040C86 /* CategoryViewController.m */,
				69B02CAA1A5DA70700040C86 /* EventsTableTableViewController.h */,
				69B02CAB1A5DA70700040C86 /* EventsTableTableViewController.m */,
				69B02CAC1A5DA70700040C86 /* EventsTableTableViewController.xib */,
				69765FEB1A51BE5A004A0F46 /* MyAccountViewController.h */,
				69765FEC1A51BE5A004A0F46 /* MyAccountViewController.m */,
				695F99D81A573D1500A80D12 /* checkout */,
			);
			name = ViewController;
			path = viewcontroller;
			sourceTree = "<group>";
		};
		69807AE21A420BB00001A154 /* images */ = {
			isa = PBXGroup;
			children = (
				69EB9E121A5B00D2003A48F1 /* itemInBag.png */,
				69C15AAF1A51FFE200D6E358 /* bareffect.png */,
				69F734C81A5AEA0500698081 /* eventpics */,
				69867A0A1A446FCA003CE59C /* backarrowcool.png */,
				69867A061A438A8C003CE59C /* bagicon.png */,
				69867A041A43894B003CE59C /* neumyaccount.png */,
				698679FC1A4351A4003CE59C /* neulogocentered.png */,
				69807AED1A42131E0001A154 /* neuaccount.png */,
				69807AEF1A4215490001A154 /* neucart.png */,
				69807AE91A4210740001A154 /* neulogo.png */,
			);
			path = images;
			sourceTree = "<group>";
		};
		69867A0F1A4480C7003CE59C /* Resources */ = {
			isa = PBXGroup;
			children = (
				69B02C8A1A5DA23100040C86 /* ThorpeScroll */,
				697E057F1A434121000146C6 /* BTRUtility.h */,
				697E05801A434121000146C6 /* BTRUtility.m */,
			);
			name = Resources;
			sourceTree = "<group>";
		};
		69B02C8A1A5DA23100040C86 /* ThorpeScroll */ = {
			isa = PBXGroup;
			children = (
				69B02C901A5DA23100040C86 /* TTBlackTriangle.h */,
				69B02C911A5DA23100040C86 /* TTBlackTriangle.m */,
				69B02C921A5DA23100040C86 /* TTScrollSlidingPagesController.h */,
				69B02C931A5DA23100040C86 /* TTScrollSlidingPagesController.m */,
				69B02C941A5DA23100040C86 /* TTScrollViewWrapper.h */,
				69B02C951A5DA23100040C86 /* TTScrollViewWrapper.m */,
				69B02C961A5DA23100040C86 /* TTSliddingPageDelegate.h */,
				69B02C971A5DA23100040C86 /* TTSlidingPage.h */,
				69B02C981A5DA23100040C86 /* TTSlidingPage.m */,
				69B02C991A5DA23100040C86 /* TTSlidingPagesDataSource.h */,
				69B02C9A1A5DA23100040C86 /* TTSlidingPageTitle.h */,
				69B02C9B1A5DA23100040C86 /* TTSlidingPageTitle.m */,
				69B02C9C1A5DA23100040C86 /* TTUIScrollViewSlidingPages.h */,
				69B02CAF1A5DA80900040C86 /* TTUITableViewZoomController.h */,
				69B02CB01A5DA80900040C86 /* TTUITableViewZoomController.m */,
			);
			path = ThorpeScroll;
			sourceTree = "<group>";
		};
		69B02CC41A60319600040C86 /* Model */ = {
			isa = PBXGroup;
			children = (
				69B02CC51A6031A700040C86 /* Model.xcdatamodeld */,
				69B02CE61A60471600040C86 /* PaymentDetails.h */,
				69B02CE71A60471600040C86 /* PaymentDetails.m */,
				69B02CE31A60471600040C86 /* ShippingAddress.h */,
				69B02CE41A60471600040C86 /* ShippingAddress.m */,
				69B02CE01A60471600040C86 /* UserNotifications.h */,
				69B02CE11A60471600040C86 /* UserNotifications.m */,
				69B02CDD1A60471600040C86 /* General2.h */,
				69B02CDE1A60471600040C86 /* General2.m */,
				69B02CDA1A60471600040C86 /* General3.h */,
				69B02CDB1A60471600040C86 /* General3.m */,
				69B02CD71A60471600040C86 /* General1.h */,
				69B02CD81A60471600040C86 /* General1.m */,
				69B02CD41A60471600040C86 /* User.h */,
				69B02CD51A60471600040C86 /* User.m */,
				69B02CD11A60471600040C86 /* Event.h */,
				69B02CD21A60471600040C86 /* Event.m */,
				69B02CCE1A60471600040C86 /* Item.h */,
				69B02CCF1A60471600040C86 /* Item.m */,
				69B02CCB1A60471600040C86 /* BagItem.h */,
				69B02CCC1A60471600040C86 /* BagItem.m */,
				69B02CC81A60471500040C86 /* Order.h */,
				69B02CC91A60471500040C86 /* Order.m */,
			);
			path = Model;
			sourceTree = "<group>";
		};
		69F734C81A5AEA0500698081 /* eventpics */ = {
			isa = PBXGroup;
			children = (
				69F734C91A5AEA0500698081 /* eventcurveycloset.png */,
				69F734CA1A5AEA0500698081 /* eventholidaysale.png */,
				69F734CB1A5AEA0500698081 /* eventhome1.png */,
				69F734CC1A5AEA0500698081 /* eventhome2.png */,
				69F734CD1A5AEA0500698081 /* eventkids.png */,
				69F734CE1A5AEA0500698081 /* eventmen1.png */,
				69F734CF1A5AEA0500698081 /* eventmen2.png */,
				69F734D01A5AEA0500698081 /* eventoutlet1.png */,
				69F734D11A5AEA0500698081 /* eventoutlet2.png */,
				69F734D21A5AEA0500698081 /* eventoutlet4.png */,
				69F734D31A5AEA0500698081 /* eventoutlet3.png */,
				69F734D41A5AEA0500698081 /* eventwomen1.png */,
				69F734D51A5AEA0500698081 /* eventwomen2.png */,
				69F734D61A5AEA0500698081 /* eventwomen3.png */,
			);
			path = eventpics;
			sourceTree = "<group>";
		};
		69FF405A1A3F8939000BD092 = {
			isa = PBXGroup;
			children = (
				69FF40651A3F8939000BD092 /* BeyondTheRack */,
				69B02CBF1A60304000040C86 /* CoreData.framework */,
				69FF40821A3F8939000BD092 /* BeyondTheRackTests */,
				69FF40641A3F8939000BD092 /* Products */,
			);
			sourceTree = "<group>";
		};
		69FF40641A3F8939000BD092 /* Products */ = {
			isa = PBXGroup;
			children = (
				69FF40631A3F8939000BD092 /* BeyondTheRack.app */,
				69FF407F1A3F8939000BD092 /* BeyondTheRackTests.xctest */,
			);
			name = Products;
			sourceTree = "<group>";
		};
		69FF40651A3F8939000BD092 /* BeyondTheRack */ = {
			isa = PBXGroup;
			children = (
				69FF40731A3F8939000BD092 /* Main.storyboard */,
				69FF406A1A3F8939000BD092 /* AppDelegate.h */,
				69FF406B1A3F8939000BD092 /* AppDelegate.m */,
				69FF40761A3F8939000BD092 /* Images.xcassets */,
				69FF40781A3F8939000BD092 /* LaunchScreen.xib */,
				69B02CC41A60319600040C86 /* Model */,
				697E057B1A432FCD000146C6 /* View */,
				697E057C1A432FCD000146C6 /* ViewController */,
				69867A0F1A4480C7003CE59C /* Resources */,
				69FF40661A3F8939000BD092 /* Supporting Files */,
			);
			path = BeyondTheRack;
			sourceTree = "<group>";
		};
		69FF40661A3F8939000BD092 /* Supporting Files */ = {
			isa = PBXGroup;
			children = (
				69807AE21A420BB00001A154 /* images */,
				69FF40671A3F8939000BD092 /* Info.plist */,
				69FF40681A3F8939000BD092 /* main.m */,
				698679FB1A434860003CE59C /* BeyondTheRack-Prefix.pch */,
			);
			name = "Supporting Files";
			sourceTree = "<group>";
		};
		69FF40821A3F8939000BD092 /* BeyondTheRackTests */ = {
			isa = PBXGroup;
			children = (
				69FF40851A3F8939000BD092 /* BeyondTheRackTests.m */,
				69FF40831A3F8939000BD092 /* Supporting Files */,
			);
			path = BeyondTheRackTests;
			sourceTree = "<group>";
		};
		69FF40831A3F8939000BD092 /* Supporting Files */ = {
			isa = PBXGroup;
			children = (
				69FF40841A3F8939000BD092 /* Info.plist */,
			);
			name = "Supporting Files";
			sourceTree = "<group>";
		};
/* End PBXGroup section */

/* Begin PBXNativeTarget section */
		69FF40621A3F8939000BD092 /* BeyondTheRack */ = {
			isa = PBXNativeTarget;
			buildConfigurationList = 69FF40891A3F8939000BD092 /* Build configuration list for PBXNativeTarget "BeyondTheRack" */;
			buildPhases = (
				69FF405F1A3F8939000BD092 /* Sources */,
				69FF40601A3F8939000BD092 /* Frameworks */,
				69FF40611A3F8939000BD092 /* Resources */,
			);
			buildRules = (
			);
			dependencies = (
			);
			name = BeyondTheRack;
			productName = BeyondTheRack;
			productReference = 69FF40631A3F8939000BD092 /* BeyondTheRack.app */;
			productType = "com.apple.product-type.application";
		};
		69FF407E1A3F8939000BD092 /* BeyondTheRackTests */ = {
			isa = PBXNativeTarget;
			buildConfigurationList = 69FF408C1A3F8939000BD092 /* Build configuration list for PBXNativeTarget "BeyondTheRackTests" */;
			buildPhases = (
				69FF407B1A3F8939000BD092 /* Sources */,
				69FF407C1A3F8939000BD092 /* Frameworks */,
				69FF407D1A3F8939000BD092 /* Resources */,
			);
			buildRules = (
			);
			dependencies = (
				69FF40811A3F8939000BD092 /* PBXTargetDependency */,
			);
			name = BeyondTheRackTests;
			productName = BeyondTheRackTests;
			productReference = 69FF407F1A3F8939000BD092 /* BeyondTheRackTests.xctest */;
			productType = "com.apple.product-type.bundle.unit-test";
		};
/* End PBXNativeTarget section */

/* Begin PBXProject section */
		69FF405B1A3F8939000BD092 /* Project object */ = {
			isa = PBXProject;
			attributes = {
				LastUpgradeCheck = 0610;
				ORGANIZATIONNAME = "Hadi Kheyruri";
				TargetAttributes = {
					69FF40621A3F8939000BD092 = {
						CreatedOnToolsVersion = 6.1.1;
						DevelopmentTeam = 3S2C62DEUW;
					};
					69FF407E1A3F8939000BD092 = {
						CreatedOnToolsVersion = 6.1.1;
						TestTargetID = 69FF40621A3F8939000BD092;
					};
				};
			};
			buildConfigurationList = 69FF405E1A3F8939000BD092 /* Build configuration list for PBXProject "BeyondTheRack" */;
			compatibilityVersion = "Xcode 3.2";
			developmentRegion = English;
			hasScannedForEncodings = 0;
			knownRegions = (
				en,
				Base,
			);
			mainGroup = 69FF405A1A3F8939000BD092;
			productRefGroup = 69FF40641A3F8939000BD092 /* Products */;
			projectDirPath = "";
			projectRoot = "";
			targets = (
				69FF40621A3F8939000BD092 /* BeyondTheRack */,
				69FF407E1A3F8939000BD092 /* BeyondTheRackTests */,
			);
		};
/* End PBXProject section */

/* Begin PBXResourcesBuildPhase section */
		69FF40611A3F8939000BD092 /* Resources */ = {
			isa = PBXResourcesBuildPhase;
			buildActionMask = 2147483647;
			files = (
				69F734D71A5AEA0500698081 /* eventcurveycloset.png in Resources */,
				69EB9E131A5B00D2003A48F1 /* itemInBag.png in Resources */,
				69807AEE1A42131E0001A154 /* neuaccount.png in Resources */,
				69F734D81A5AEA0500698081 /* eventholidaysale.png in Resources */,
				69FF40751A3F8939000BD092 /* Main.storyboard in Resources */,
				69B02CBE1A5ED32700040C86 /* EventTableViewCell.xib in Resources */,
				69F734DA1A5AEA0500698081 /* eventhome2.png in Resources */,
				69807AF01A4215490001A154 /* neucart.png in Resources */,
				69FF407A1A3F8939000BD092 /* LaunchScreen.xib in Resources */,
				69F734E41A5AEA0500698081 /* eventwomen3.png in Resources */,
				69F734DC1A5AEA0500698081 /* eventmen1.png in Resources */,
				69F734E11A5AEA0500698081 /* eventoutlet3.png in Resources */,
				698679FD1A4351A4003CE59C /* neulogocentered.png in Resources */,
				69F734DE1A5AEA0500698081 /* eventoutlet1.png in Resources */,
				69C15AB01A51FFE200D6E358 /* bareffect.png in Resources */,
				69F734D91A5AEA0500698081 /* eventhome1.png in Resources */,
				69FF40771A3F8939000BD092 /* Images.xcassets in Resources */,
				69807AEA1A4210740001A154 /* neulogo.png in Resources */,
				69F734DF1A5AEA0500698081 /* eventoutlet2.png in Resources */,
				69F734E31A5AEA0500698081 /* eventwomen2.png in Resources */,
				69B02CAE1A5DA70700040C86 /* EventsTableTableViewController.xib in Resources */,
				69867A051A43894B003CE59C /* neumyaccount.png in Resources */,
				69867A0B1A446FCA003CE59C /* backarrowcool.png in Resources */,
				69F734E21A5AEA0500698081 /* eventwomen1.png in Resources */,
				69F734E01A5AEA0500698081 /* eventoutlet4.png in Resources */,
				69867A071A438A8C003CE59C /* bagicon.png in Resources */,
				69F734DB1A5AEA0500698081 /* eventkids.png in Resources */,
				69F734DD1A5AEA0500698081 /* eventmen2.png in Resources */,
			);
			runOnlyForDeploymentPostprocessing = 0;
		};
		69FF407D1A3F8939000BD092 /* Resources */ = {
			isa = PBXResourcesBuildPhase;
			buildActionMask = 2147483647;
			files = (
			);
			runOnlyForDeploymentPostprocessing = 0;
		};
/* End PBXResourcesBuildPhase section */

/* Begin PBXSourcesBuildPhase section */
		69FF405F1A3F8939000BD092 /* Sources */ = {
			isa = PBXSourcesBuildPhase;
			buildActionMask = 2147483647;
			files = (
				69B02CD01A60471600040C86 /* Item.m in Sources */,
				69B02CCD1A60471600040C86 /* BagItem.m in Sources */,
				69B02CCA1A60471500040C86 /* Order.m in Sources */,
				69B02CE21A60471600040C86 /* UserNotifications.m in Sources */,
				695F99E41A573DB700A80D12 /* ApprovePurchaseViewController.m in Sources */,
				69B02CA01A5DA23100040C86 /* TTBlackTriangle.m in Sources */,
				69B02CBD1A5ED32700040C86 /* EventTableViewCell.m in Sources */,
				69B02CE81A60471600040C86 /* PaymentDetails.m in Sources */,
				69B02CE51A60471600040C86 /* ShippingAddress.m in Sources */,
				69B02CDC1A60471600040C86 /* General3.m in Sources */,
				69B02CD61A60471600040C86 /* User.m in Sources */,
				69B02CD31A60471600040C86 /* Event.m in Sources */,
				69B02CAD1A5DA70700040C86 /* EventsTableTableViewController.m in Sources */,
				69B02CDF1A60471600040C86 /* General2.m in Sources */,
				69B02CA41A5DA23100040C86 /* TTSlidingPageTitle.m in Sources */,
				697E05811A434121000146C6 /* BTRUtility.m in Sources */,
				69867A151A44A701003CE59C /* MainViewController.m in Sources */,
				69FF406C1A3F8939000BD092 /* AppDelegate.m in Sources */,
				69B02CC71A6031A700040C86 /* Model.xcdatamodeld in Sources */,
				69B02CB41A5DBAB000040C86 /* CategoryViewController.m in Sources */,
				69B02CA21A5DA23100040C86 /* TTScrollViewWrapper.m in Sources */,
				69B02CB11A5DA80900040C86 /* TTUITableViewZoomController.m in Sources */,
				69B02CA11A5DA23100040C86 /* TTScrollSlidingPagesController.m in Sources */,
				69765FED1A51BE5A004A0F46 /* MyAccountViewController.m in Sources */,
				69FF40691A3F8939000BD092 /* main.m in Sources */,
				69B02CA31A5DA23100040C86 /* TTSlidingPage.m in Sources */,
				69B02CD91A60471600040C86 /* General1.m in Sources */,
				69B55F0D1A4B1AFC009A5524 /* ShoppingBagViewController.m in Sources */,
			);
			runOnlyForDeploymentPostprocessing = 0;
		};
		69FF407B1A3F8939000BD092 /* Sources */ = {
			isa = PBXSourcesBuildPhase;
			buildActionMask = 2147483647;
			files = (
				69FF40861A3F8939000BD092 /* BeyondTheRackTests.m in Sources */,
			);
			runOnlyForDeploymentPostprocessing = 0;
		};
/* End PBXSourcesBuildPhase section */

/* Begin PBXTargetDependency section */
		69FF40811A3F8939000BD092 /* PBXTargetDependency */ = {
			isa = PBXTargetDependency;
			target = 69FF40621A3F8939000BD092 /* BeyondTheRack */;
			targetProxy = 69FF40801A3F8939000BD092 /* PBXContainerItemProxy */;
		};
/* End PBXTargetDependency section */

/* Begin PBXVariantGroup section */
		69FF40731A3F8939000BD092 /* Main.storyboard */ = {
			isa = PBXVariantGroup;
			children = (
				69FF40741A3F8939000BD092 /* Base */,
			);
			name = Main.storyboard;
			sourceTree = "<group>";
		};
		69FF40781A3F8939000BD092 /* LaunchScreen.xib */ = {
			isa = PBXVariantGroup;
			children = (
				69FF40791A3F8939000BD092 /* Base */,
			);
			name = LaunchScreen.xib;
			sourceTree = "<group>";
		};
/* End PBXVariantGroup section */

/* Begin XCBuildConfiguration section */
		69FF40871A3F8939000BD092 /* Debug */ = {
			isa = XCBuildConfiguration;
			buildSettings = {
				ALWAYS_SEARCH_USER_PATHS = NO;
				CLANG_CXX_LANGUAGE_STANDARD = "gnu++0x";
				CLANG_CXX_LIBRARY = "libc++";
				CLANG_ENABLE_MODULES = YES;
				CLANG_ENABLE_OBJC_ARC = YES;
				CLANG_WARN_BOOL_CONVERSION = YES;
				CLANG_WARN_CONSTANT_CONVERSION = YES;
				CLANG_WARN_DIRECT_OBJC_ISA_USAGE = YES_ERROR;
				CLANG_WARN_EMPTY_BODY = YES;
				CLANG_WARN_ENUM_CONVERSION = YES;
				CLANG_WARN_INT_CONVERSION = YES;
				CLANG_WARN_OBJC_ROOT_CLASS = YES_ERROR;
				CLANG_WARN_UNREACHABLE_CODE = YES;
				CLANG_WARN__DUPLICATE_METHOD_MATCH = YES;
				"CODE_SIGN_IDENTITY[sdk=iphoneos*]" = "iPhone Developer";
				COPY_PHASE_STRIP = NO;
				ENABLE_STRICT_OBJC_MSGSEND = YES;
				GCC_C_LANGUAGE_STANDARD = gnu99;
				GCC_DYNAMIC_NO_PIC = NO;
				GCC_OPTIMIZATION_LEVEL = 0;
				GCC_PREPROCESSOR_DEFINITIONS = (
					"DEBUG=1",
					"$(inherited)",
				);
				GCC_SYMBOLS_PRIVATE_EXTERN = NO;
				GCC_WARN_64_TO_32_BIT_CONVERSION = YES;
				GCC_WARN_ABOUT_RETURN_TYPE = YES_ERROR;
				GCC_WARN_UNDECLARED_SELECTOR = YES;
				GCC_WARN_UNINITIALIZED_AUTOS = YES_AGGRESSIVE;
				GCC_WARN_UNUSED_FUNCTION = YES;
				GCC_WARN_UNUSED_VARIABLE = YES;
				IPHONEOS_DEPLOYMENT_TARGET = 8.1;
				MTL_ENABLE_DEBUG_INFO = YES;
				ONLY_ACTIVE_ARCH = YES;
				SDKROOT = iphoneos;
				TARGETED_DEVICE_FAMILY = "1,2";
			};
			name = Debug;
		};
		69FF40881A3F8939000BD092 /* Release */ = {
			isa = XCBuildConfiguration;
			buildSettings = {
				ALWAYS_SEARCH_USER_PATHS = NO;
				CLANG_CXX_LANGUAGE_STANDARD = "gnu++0x";
				CLANG_CXX_LIBRARY = "libc++";
				CLANG_ENABLE_MODULES = YES;
				CLANG_ENABLE_OBJC_ARC = YES;
				CLANG_WARN_BOOL_CONVERSION = YES;
				CLANG_WARN_CONSTANT_CONVERSION = YES;
				CLANG_WARN_DIRECT_OBJC_ISA_USAGE = YES_ERROR;
				CLANG_WARN_EMPTY_BODY = YES;
				CLANG_WARN_ENUM_CONVERSION = YES;
				CLANG_WARN_INT_CONVERSION = YES;
				CLANG_WARN_OBJC_ROOT_CLASS = YES_ERROR;
				CLANG_WARN_UNREACHABLE_CODE = YES;
				CLANG_WARN__DUPLICATE_METHOD_MATCH = YES;
				"CODE_SIGN_IDENTITY[sdk=iphoneos*]" = "iPhone Developer";
				COPY_PHASE_STRIP = YES;
				ENABLE_NS_ASSERTIONS = NO;
				ENABLE_STRICT_OBJC_MSGSEND = YES;
				GCC_C_LANGUAGE_STANDARD = gnu99;
				GCC_WARN_64_TO_32_BIT_CONVERSION = YES;
				GCC_WARN_ABOUT_RETURN_TYPE = YES_ERROR;
				GCC_WARN_UNDECLARED_SELECTOR = YES;
				GCC_WARN_UNINITIALIZED_AUTOS = YES_AGGRESSIVE;
				GCC_WARN_UNUSED_FUNCTION = YES;
				GCC_WARN_UNUSED_VARIABLE = YES;
				IPHONEOS_DEPLOYMENT_TARGET = 8.1;
				MTL_ENABLE_DEBUG_INFO = NO;
				SDKROOT = iphoneos;
				TARGETED_DEVICE_FAMILY = "1,2";
				VALIDATE_PRODUCT = YES;
			};
			name = Release;
		};
		69FF408A1A3F8939000BD092 /* Debug */ = {
			isa = XCBuildConfiguration;
			buildSettings = {
				ASSETCATALOG_COMPILER_APPICON_NAME = AppIcon;
				CODE_SIGN_IDENTITY = "iPhone Developer";
				GCC_PRECOMPILE_PREFIX_HEADER = YES;
				GCC_PREFIX_HEADER = "BeyondTheRack/BeyondTheRack-Prefix.pch";
				INFOPLIST_FILE = BeyondTheRack/Info.plist;
				LD_RUNPATH_SEARCH_PATHS = "$(inherited) @executable_path/Frameworks";
				PRODUCT_NAME = "$(TARGET_NAME)";
				TARGETED_DEVICE_FAMILY = 1;
			};
			name = Debug;
		};
		69FF408B1A3F8939000BD092 /* Release */ = {
			isa = XCBuildConfiguration;
			buildSettings = {
				ASSETCATALOG_COMPILER_APPICON_NAME = AppIcon;
				CODE_SIGN_IDENTITY = "iPhone Developer";
				GCC_PRECOMPILE_PREFIX_HEADER = YES;
				GCC_PREFIX_HEADER = "BeyondTheRack/BeyondTheRack-Prefix.pch";
				INFOPLIST_FILE = BeyondTheRack/Info.plist;
				LD_RUNPATH_SEARCH_PATHS = "$(inherited) @executable_path/Frameworks";
				PRODUCT_NAME = "$(TARGET_NAME)";
				TARGETED_DEVICE_FAMILY = 1;
			};
			name = Release;
		};
		69FF408D1A3F8939000BD092 /* Debug */ = {
			isa = XCBuildConfiguration;
			buildSettings = {
				BUNDLE_LOADER = "$(TEST_HOST)";
				FRAMEWORK_SEARCH_PATHS = (
					"$(SDKROOT)/Developer/Library/Frameworks",
					"$(inherited)",
				);
				GCC_PREPROCESSOR_DEFINITIONS = (
					"DEBUG=1",
					"$(inherited)",
				);
				INFOPLIST_FILE = BeyondTheRackTests/Info.plist;
				LD_RUNPATH_SEARCH_PATHS = "$(inherited) @executable_path/Frameworks @loader_path/Frameworks";
				PRODUCT_NAME = "$(TARGET_NAME)";
				TEST_HOST = "$(BUILT_PRODUCTS_DIR)/BeyondTheRack.app/BeyondTheRack";
			};
			name = Debug;
		};
		69FF408E1A3F8939000BD092 /* Release */ = {
			isa = XCBuildConfiguration;
			buildSettings = {
				BUNDLE_LOADER = "$(TEST_HOST)";
				FRAMEWORK_SEARCH_PATHS = (
					"$(SDKROOT)/Developer/Library/Frameworks",
					"$(inherited)",
				);
				INFOPLIST_FILE = BeyondTheRackTests/Info.plist;
				LD_RUNPATH_SEARCH_PATHS = "$(inherited) @executable_path/Frameworks @loader_path/Frameworks";
				PRODUCT_NAME = "$(TARGET_NAME)";
				TEST_HOST = "$(BUILT_PRODUCTS_DIR)/BeyondTheRack.app/BeyondTheRack";
			};
			name = Release;
		};
/* End XCBuildConfiguration section */

/* Begin XCConfigurationList section */
		69FF405E1A3F8939000BD092 /* Build configuration list for PBXProject "BeyondTheRack" */ = {
			isa = XCConfigurationList;
			buildConfigurations = (
				69FF40871A3F8939000BD092 /* Debug */,
				69FF40881A3F8939000BD092 /* Release */,
			);
			defaultConfigurationIsVisible = 0;
			defaultConfigurationName = Release;
		};
		69FF40891A3F8939000BD092 /* Build configuration list for PBXNativeTarget "BeyondTheRack" */ = {
			isa = XCConfigurationList;
			buildConfigurations = (
				69FF408A1A3F8939000BD092 /* Debug */,
				69FF408B1A3F8939000BD092 /* Release */,
			);
			defaultConfigurationIsVisible = 0;
			defaultConfigurationName = Release;
		};
		69FF408C1A3F8939000BD092 /* Build configuration list for PBXNativeTarget "BeyondTheRackTests" */ = {
			isa = XCConfigurationList;
			buildConfigurations = (
				69FF408D1A3F8939000BD092 /* Debug */,
				69FF408E1A3F8939000BD092 /* Release */,
			);
			defaultConfigurationIsVisible = 0;
			defaultConfigurationName = Release;
		};
/* End XCConfigurationList section */

/* Begin XCVersionGroup section */
		69B02CC51A6031A700040C86 /* Model.xcdatamodeld */ = {
			isa = XCVersionGroup;
			children = (
				69B02CC61A6031A700040C86 /* Model.xcdatamodel */,
			);
			currentVersion = 69B02CC61A6031A700040C86 /* Model.xcdatamodel */;
			path = Model.xcdatamodeld;
			sourceTree = "<group>";
			versionGroupType = wrapper.xcdatamodel;
		};
/* End XCVersionGroup section */
	};
	rootObject = 69FF405B1A3F8939000BD092 /* Project object */;
}
