// !$*UTF8*$!
{
	archiveVersion = 1;
	classes = {
	};
	objectVersion = 46;
	objects = {

/* Begin PBXBuildFile section */
		697E05811A434121000146C6 /* BTRUtility.m in Sources */ = {isa = PBXBuildFile; fileRef = 697E05801A434121000146C6 /* BTRUtility.m */; };
		69807AEA1A4210740001A154 /* neulogo.png in Resources */ = {isa = PBXBuildFile; fileRef = 69807AE91A4210740001A154 /* neulogo.png */; };
		69807AEE1A42131E0001A154 /* neuaccount.png in Resources */ = {isa = PBXBuildFile; fileRef = 69807AED1A42131E0001A154 /* neuaccount.png */; };
		69807AF01A4215490001A154 /* neucart.png in Resources */ = {isa = PBXBuildFile; fileRef = 69807AEF1A4215490001A154 /* neucart.png */; };
		69807AFB1A4229570001A154 /* 6.png in Resources */ = {isa = PBXBuildFile; fileRef = 69807AF31A4229570001A154 /* 6.png */; };
		69807AFC1A4229570001A154 /* 7.png in Resources */ = {isa = PBXBuildFile; fileRef = 69807AF41A4229570001A154 /* 7.png */; };
		69807AFD1A4229570001A154 /* 4.png in Resources */ = {isa = PBXBuildFile; fileRef = 69807AF51A4229570001A154 /* 4.png */; };
		69807AFE1A4229570001A154 /* 1.png in Resources */ = {isa = PBXBuildFile; fileRef = 69807AF61A4229570001A154 /* 1.png */; };
		69807AFF1A4229570001A154 /* 5.png in Resources */ = {isa = PBXBuildFile; fileRef = 69807AF71A4229570001A154 /* 5.png */; };
		69807B001A4229570001A154 /* 3.png in Resources */ = {isa = PBXBuildFile; fileRef = 69807AF81A4229570001A154 /* 3.png */; };
		69807B011A4229570001A154 /* 8.png in Resources */ = {isa = PBXBuildFile; fileRef = 69807AF91A4229570001A154 /* 8.png */; };
		69807B021A4229570001A154 /* 2.png in Resources */ = {isa = PBXBuildFile; fileRef = 69807AFA1A4229570001A154 /* 2.png */; };
		69807B161A42313F0001A154 /* mockupTableViewCell.m in Sources */ = {isa = PBXBuildFile; fileRef = 69807B151A42313F0001A154 /* mockupTableViewCell.m */; };
		698679FD1A4351A4003CE59C /* neulogocentered.png in Resources */ = {isa = PBXBuildFile; fileRef = 698679FC1A4351A4003CE59C /* neulogocentered.png */; };
		69867A031A436E2D003CE59C /* backarrow.png in Resources */ = {isa = PBXBuildFile; fileRef = 69867A021A436E2D003CE59C /* backarrow.png */; };
		69867A051A43894B003CE59C /* neumyaccount.png in Resources */ = {isa = PBXBuildFile; fileRef = 69867A041A43894B003CE59C /* neumyaccount.png */; };
		69867A071A438A8C003CE59C /* bagicon.png in Resources */ = {isa = PBXBuildFile; fileRef = 69867A061A438A8C003CE59C /* bagicon.png */; };
		69867A091A44684C003CE59C /* backarrowneu.png in Resources */ = {isa = PBXBuildFile; fileRef = 69867A081A44684C003CE59C /* backarrowneu.png */; };
		69FF40691A3F8939000BD092 /* main.m in Sources */ = {isa = PBXBuildFile; fileRef = 69FF40681A3F8939000BD092 /* main.m */; };
		69FF406C1A3F8939000BD092 /* AppDelegate.m in Sources */ = {isa = PBXBuildFile; fileRef = 69FF406B1A3F8939000BD092 /* AppDelegate.m */; };
		69FF406F1A3F8939000BD092 /* FirstViewController.m in Sources */ = {isa = PBXBuildFile; fileRef = 69FF406E1A3F8939000BD092 /* FirstViewController.m */; };
		69FF40751A3F8939000BD092 /* Main.storyboard in Resources */ = {isa = PBXBuildFile; fileRef = 69FF40731A3F8939000BD092 /* Main.storyboard */; };
		69FF40771A3F8939000BD092 /* Images.xcassets in Resources */ = {isa = PBXBuildFile; fileRef = 69FF40761A3F8939000BD092 /* Images.xcassets */; };
		69FF407A1A3F8939000BD092 /* LaunchScreen.xib in Resources */ = {isa = PBXBuildFile; fileRef = 69FF40781A3F8939000BD092 /* LaunchScreen.xib */; };
		69FF40861A3F8939000BD092 /* BeyondTheRackTests.m in Sources */ = {isa = PBXBuildFile; fileRef = 69FF40851A3F8939000BD092 /* BeyondTheRackTests.m */; };
/* End PBXBuildFile section */

/* Begin PBXContainerItemProxy section */
		69FF40801A3F8939000BD092 /* PBXContainerItemProxy */ = {
			isa = PBXContainerItemProxy;
			containerPortal = 69FF405B1A3F8939000BD092 /* Project object */;
			proxyType = 1;
			remoteGlobalIDString = 69FF40621A3F8939000BD092;
			remoteInfo = BeyondTheRack;
		};
/* End PBXContainerItemProxy section */

/* Begin PBXFileReference section */
		697E057F1A434121000146C6 /* BTRUtility.h */ = {isa = PBXFileReference; fileEncoding = 4; lastKnownFileType = sourcecode.c.h; path = BTRUtility.h; sourceTree = "<group>"; };
		697E05801A434121000146C6 /* BTRUtility.m */ = {isa = PBXFileReference; fileEncoding = 4; lastKnownFileType = sourcecode.c.objc; path = BTRUtility.m; sourceTree = "<group>"; };
		69807AE91A4210740001A154 /* neulogo.png */ = {isa = PBXFileReference; lastKnownFileType = image.png; path = neulogo.png; sourceTree = "<group>"; };
		69807AED1A42131E0001A154 /* neuaccount.png */ = {isa = PBXFileReference; lastKnownFileType = image.png; path = neuaccount.png; sourceTree = "<group>"; };
		69807AEF1A4215490001A154 /* neucart.png */ = {isa = PBXFileReference; lastKnownFileType = image.png; path = neucart.png; sourceTree = "<group>"; };
		69807AF31A4229570001A154 /* 6.png */ = {isa = PBXFileReference; lastKnownFileType = image.png; path = 6.png; sourceTree = "<group>"; };
		69807AF41A4229570001A154 /* 7.png */ = {isa = PBXFileReference; lastKnownFileType = image.png; path = 7.png; sourceTree = "<group>"; };
		69807AF51A4229570001A154 /* 4.png */ = {isa = PBXFileReference; lastKnownFileType = image.png; path = 4.png; sourceTree = "<group>"; };
		69807AF61A4229570001A154 /* 1.png */ = {isa = PBXFileReference; lastKnownFileType = image.png; path = 1.png; sourceTree = "<group>"; };
		69807AF71A4229570001A154 /* 5.png */ = {isa = PBXFileReference; lastKnownFileType = image.png; path = 5.png; sourceTree = "<group>"; };
		69807AF81A4229570001A154 /* 3.png */ = {isa = PBXFileReference; lastKnownFileType = image.png; path = 3.png; sourceTree = "<group>"; };
		69807AF91A4229570001A154 /* 8.png */ = {isa = PBXFileReference; lastKnownFileType = image.png; path = 8.png; sourceTree = "<group>"; };
		69807AFA1A4229570001A154 /* 2.png */ = {isa = PBXFileReference; lastKnownFileType = image.png; path = 2.png; sourceTree = "<group>"; };
		69807B141A42313F0001A154 /* mockupTableViewCell.h */ = {isa = PBXFileReference; fileEncoding = 4; lastKnownFileType = sourcecode.c.h; path = mockupTableViewCell.h; sourceTree = "<group>"; };
		69807B151A42313F0001A154 /* mockupTableViewCell.m */ = {isa = PBXFileReference; fileEncoding = 4; lastKnownFileType = sourcecode.c.objc; path = mockupTableViewCell.m; sourceTree = "<group>"; };
		698679FB1A434860003CE59C /* BeyondTheRack-Prefix.pch */ = {isa = PBXFileReference; fileEncoding = 4; lastKnownFileType = sourcecode.c.h; path = "BeyondTheRack-Prefix.pch"; sourceTree = "<group>"; };
		698679FC1A4351A4003CE59C /* neulogocentered.png */ = {isa = PBXFileReference; lastKnownFileType = image.png; path = neulogocentered.png; sourceTree = "<group>"; };
		69867A021A436E2D003CE59C /* backarrow.png */ = {isa = PBXFileReference; lastKnownFileType = image.png; path = backarrow.png; sourceTree = "<group>"; };
		69867A041A43894B003CE59C /* neumyaccount.png */ = {isa = PBXFileReference; lastKnownFileType = image.png; path = neumyaccount.png; sourceTree = "<group>"; };
		69867A061A438A8C003CE59C /* bagicon.png */ = {isa = PBXFileReference; lastKnownFileType = image.png; path = bagicon.png; sourceTree = "<group>"; };
		69867A081A44684C003CE59C /* backarrowneu.png */ = {isa = PBXFileReference; lastKnownFileType = image.png; path = backarrowneu.png; sourceTree = "<group>"; };
		69FF40631A3F8939000BD092 /* BeyondTheRack.app */ = {isa = PBXFileReference; explicitFileType = wrapper.application; includeInIndex = 0; path = BeyondTheRack.app; sourceTree = BUILT_PRODUCTS_DIR; };
		69FF40671A3F8939000BD092 /* Info.plist */ = {isa = PBXFileReference; lastKnownFileType = text.plist.xml; path = Info.plist; sourceTree = "<group>"; };
		69FF40681A3F8939000BD092 /* main.m */ = {isa = PBXFileReference; lastKnownFileType = sourcecode.c.objc; path = main.m; sourceTree = "<group>"; };
		69FF406A1A3F8939000BD092 /* AppDelegate.h */ = {isa = PBXFileReference; lastKnownFileType = sourcecode.c.h; path = AppDelegate.h; sourceTree = "<group>"; };
		69FF406B1A3F8939000BD092 /* AppDelegate.m */ = {isa = PBXFileReference; lastKnownFileType = sourcecode.c.objc; path = AppDelegate.m; sourceTree = "<group>"; };
		69FF406D1A3F8939000BD092 /* FirstViewController.h */ = {isa = PBXFileReference; lastKnownFileType = sourcecode.c.h; path = FirstViewController.h; sourceTree = "<group>"; };
		69FF406E1A3F8939000BD092 /* FirstViewController.m */ = {isa = PBXFileReference; lastKnownFileType = sourcecode.c.objc; path = FirstViewController.m; sourceTree = "<group>"; };
		69FF40741A3F8939000BD092 /* Base */ = {isa = PBXFileReference; lastKnownFileType = file.storyboard; name = Base; path = Base.lproj/Main.storyboard; sourceTree = "<group>"; };
		69FF40761A3F8939000BD092 /* Images.xcassets */ = {isa = PBXFileReference; lastKnownFileType = folder.assetcatalog; path = Images.xcassets; sourceTree = "<group>"; };
		69FF40791A3F8939000BD092 /* Base */ = {isa = PBXFileReference; lastKnownFileType = file.xib; name = Base; path = Base.lproj/LaunchScreen.xib; sourceTree = "<group>"; };
		69FF407F1A3F8939000BD092 /* BeyondTheRackTests.xctest */ = {isa = PBXFileReference; explicitFileType = wrapper.cfbundle; includeInIndex = 0; path = BeyondTheRackTests.xctest; sourceTree = BUILT_PRODUCTS_DIR; };
		69FF40841A3F8939000BD092 /* Info.plist */ = {isa = PBXFileReference; lastKnownFileType = text.plist.xml; path = Info.plist; sourceTree = "<group>"; };
		69FF40851A3F8939000BD092 /* BeyondTheRackTests.m */ = {isa = PBXFileReference; lastKnownFileType = sourcecode.c.objc; path = BeyondTheRackTests.m; sourceTree = "<group>"; };
/* End PBXFileReference section */

/* Begin PBXFrameworksBuildPhase section */
		69FF40601A3F8939000BD092 /* Frameworks */ = {
			isa = PBXFrameworksBuildPhase;
			buildActionMask = 2147483647;
			files = (
			);
			runOnlyForDeploymentPostprocessing = 0;
		};
		69FF407C1A3F8939000BD092 /* Frameworks */ = {
			isa = PBXFrameworksBuildPhase;
			buildActionMask = 2147483647;
			files = (
			);
			runOnlyForDeploymentPostprocessing = 0;
		};
/* End PBXFrameworksBuildPhase section */

/* Begin PBXGroup section */
		697E057A1A432FCD000146C6 /* model */ = {
			isa = PBXGroup;
			children = (
			);
			path = model;
			sourceTree = "<group>";
		};
		697E057B1A432FCD000146C6 /* view */ = {
			isa = PBXGroup;
			children = (
			);
			path = view;
			sourceTree = "<group>";
		};
		697E057C1A432FCD000146C6 /* viewcontroller */ = {
			isa = PBXGroup;
			children = (
			);
			path = viewcontroller;
			sourceTree = "<group>";
		};
		69807AE21A420BB00001A154 /* images */ = {
			isa = PBXGroup;
			children = (
				69867A081A44684C003CE59C /* backarrowneu.png */,
				69867A061A438A8C003CE59C /* bagicon.png */,
				69867A041A43894B003CE59C /* neumyaccount.png */,
				69867A021A436E2D003CE59C /* backarrow.png */,
				698679FC1A4351A4003CE59C /* neulogocentered.png */,
				69807AF31A4229570001A154 /* 6.png */,
				69807AF41A4229570001A154 /* 7.png */,
				69807AF51A4229570001A154 /* 4.png */,
				69807AF61A4229570001A154 /* 1.png */,
				69807AF71A4229570001A154 /* 5.png */,
				69807AF81A4229570001A154 /* 3.png */,
				69807AF91A4229570001A154 /* 8.png */,
				69807AFA1A4229570001A154 /* 2.png */,
				69807AED1A42131E0001A154 /* neuaccount.png */,
				69807AEF1A4215490001A154 /* neucart.png */,
				69807AE91A4210740001A154 /* neulogo.png */,
			);
			path = images;
			sourceTree = "<group>";
		};
		69FF405A1A3F8939000BD092 = {
			isa = PBXGroup;
			children = (
				69FF40651A3F8939000BD092 /* BeyondTheRack */,
				69FF40821A3F8939000BD092 /* BeyondTheRackTests */,
				69FF40641A3F8939000BD092 /* Products */,
			);
			sourceTree = "<group>";
		};
		69FF40641A3F8939000BD092 /* Products */ = {
			isa = PBXGroup;
			children = (
				69FF40631A3F8939000BD092 /* BeyondTheRack.app */,
				69FF407F1A3F8939000BD092 /* BeyondTheRackTests.xctest */,
			);
			name = Products;
			sourceTree = "<group>";
		};
		69FF40651A3F8939000BD092 /* BeyondTheRack */ = {
			isa = PBXGroup;
			children = (
				69FF40731A3F8939000BD092 /* Main.storyboard */,
				69FF406A1A3F8939000BD092 /* AppDelegate.h */,
				69FF406B1A3F8939000BD092 /* AppDelegate.m */,
				69FF406D1A3F8939000BD092 /* FirstViewController.h */,
				69FF406E1A3F8939000BD092 /* FirstViewController.m */,
				69FF40761A3F8939000BD092 /* Images.xcassets */,
				69FF40781A3F8939000BD092 /* LaunchScreen.xib */,
				69807B141A42313F0001A154 /* mockupTableViewCell.h */,
				69807B151A42313F0001A154 /* mockupTableViewCell.m */,
				697E057F1A434121000146C6 /* BTRUtility.h */,
				697E05801A434121000146C6 /* BTRUtility.m */,
				697E057A1A432FCD000146C6 /* model */,
				697E057B1A432FCD000146C6 /* view */,
				697E057C1A432FCD000146C6 /* viewcontroller */,
				69FF40661A3F8939000BD092 /* Supporting Files */,
			);
			path = BeyondTheRack;
			sourceTree = "<group>";
		};
		69FF40661A3F8939000BD092 /* Supporting Files */ = {
			isa = PBXGroup;
			children = (
				69807AE21A420BB00001A154 /* images */,
				69FF40671A3F8939000BD092 /* Info.plist */,
				69FF40681A3F8939000BD092 /* main.m */,
				698679FB1A434860003CE59C /* BeyondTheRack-Prefix.pch */,
			);
			name = "Supporting Files";
			sourceTree = "<group>";
		};
		69FF40821A3F8939000BD092 /* BeyondTheRackTests */ = {
			isa = PBXGroup;
			children = (
				69FF40851A3F8939000BD092 /* BeyondTheRackTests.m */,
				69FF40831A3F8939000BD092 /* Supporting Files */,
			);
			path = BeyondTheRackTests;
			sourceTree = "<group>";
		};
		69FF40831A3F8939000BD092 /* Supporting Files */ = {
			isa = PBXGroup;
			children = (
				69FF40841A3F8939000BD092 /* Info.plist */,
			);
			name = "Supporting Files";
			sourceTree = "<group>";
		};
/* End PBXGroup section */

/* Begin PBXNativeTarget section */
		69FF40621A3F8939000BD092 /* BeyondTheRack */ = {
			isa = PBXNativeTarget;
			buildConfigurationList = 69FF40891A3F8939000BD092 /* Build configuration list for PBXNativeTarget "BeyondTheRack" */;
			buildPhases = (
				69FF405F1A3F8939000BD092 /* Sources */,
				69FF40601A3F8939000BD092 /* Frameworks */,
				69FF40611A3F8939000BD092 /* Resources */,
			);
			buildRules = (
			);
			dependencies = (
			);
			name = BeyondTheRack;
			productName = BeyondTheRack;
			productReference = 69FF40631A3F8939000BD092 /* BeyondTheRack.app */;
			productType = "com.apple.product-type.application";
		};
		69FF407E1A3F8939000BD092 /* BeyondTheRackTests */ = {
			isa = PBXNativeTarget;
			buildConfigurationList = 69FF408C1A3F8939000BD092 /* Build configuration list for PBXNativeTarget "BeyondTheRackTests" */;
			buildPhases = (
				69FF407B1A3F8939000BD092 /* Sources */,
				69FF407C1A3F8939000BD092 /* Frameworks */,
				69FF407D1A3F8939000BD092 /* Resources */,
			);
			buildRules = (
			);
			dependencies = (
				69FF40811A3F8939000BD092 /* PBXTargetDependency */,
			);
			name = BeyondTheRackTests;
			productName = BeyondTheRackTests;
			productReference = 69FF407F1A3F8939000BD092 /* BeyondTheRackTests.xctest */;
			productType = "com.apple.product-type.bundle.unit-test";
		};
/* End PBXNativeTarget section */

/* Begin PBXProject section */
		69FF405B1A3F8939000BD092 /* Project object */ = {
			isa = PBXProject;
			attributes = {
				LastUpgradeCheck = 0610;
				ORGANIZATIONNAME = "Hadi Kheyruri";
				TargetAttributes = {
					69FF40621A3F8939000BD092 = {
						CreatedOnToolsVersion = 6.1.1;
						DevelopmentTeam = 3S2C62DEUW;
					};
					69FF407E1A3F8939000BD092 = {
						CreatedOnToolsVersion = 6.1.1;
						TestTargetID = 69FF40621A3F8939000BD092;
					};
				};
			};
			buildConfigurationList = 69FF405E1A3F8939000BD092 /* Build configuration list for PBXProject "BeyondTheRack" */;
			compatibilityVersion = "Xcode 3.2";
			developmentRegion = English;
			hasScannedForEncodings = 0;
			knownRegions = (
				en,
				Base,
			);
			mainGroup = 69FF405A1A3F8939000BD092;
			productRefGroup = 69FF40641A3F8939000BD092 /* Products */;
			projectDirPath = "";
			projectRoot = "";
			targets = (
				69FF40621A3F8939000BD092 /* BeyondTheRack */,
				69FF407E1A3F8939000BD092 /* BeyondTheRackTests */,
			);
		};
/* End PBXProject section */

/* Begin PBXResourcesBuildPhase section */
		69FF40611A3F8939000BD092 /* Resources */ = {
			isa = PBXResourcesBuildPhase;
			buildActionMask = 2147483647;
			files = (
				69807AFF1A4229570001A154 /* 5.png in Resources */,
				69807AFD1A4229570001A154 /* 4.png in Resources */,
				69807B021A4229570001A154 /* 2.png in Resources */,
				69807AFB1A4229570001A154 /* 6.png in Resources */,
				69807B001A4229570001A154 /* 3.png in Resources */,
				69807AEE1A42131E0001A154 /* neuaccount.png in Resources */,
				69FF40751A3F8939000BD092 /* Main.storyboard in Resources */,
				69807AF01A4215490001A154 /* neucart.png in Resources */,
				69FF407A1A3F8939000BD092 /* LaunchScreen.xib in Resources */,
				698679FD1A4351A4003CE59C /* neulogocentered.png in Resources */,
				69FF40771A3F8939000BD092 /* Images.xcassets in Resources */,
				69807B011A4229570001A154 /* 8.png in Resources */,
				69867A031A436E2D003CE59C /* backarrow.png in Resources */,
				69807AEA1A4210740001A154 /* neulogo.png in Resources */,
				69807AFC1A4229570001A154 /* 7.png in Resources */,
				69867A051A43894B003CE59C /* neumyaccount.png in Resources */,
				69807AFE1A4229570001A154 /* 1.png in Resources */,
				69867A071A438A8C003CE59C /* bagicon.png in Resources */,
				69867A091A44684C003CE59C /* backarrowneu.png in Resources */,
			);
			runOnlyForDeploymentPostprocessing = 0;
		};
		69FF407D1A3F8939000BD092 /* Resources */ = {
			isa = PBXResourcesBuildPhase;
			buildActionMask = 2147483647;
			files = (
			);
			runOnlyForDeploymentPostprocessing = 0;
		};
/* End PBXResourcesBuildPhase section */

/* Begin PBXSourcesBuildPhase section */
		69FF405F1A3F8939000BD092 /* Sources */ = {
			isa = PBXSourcesBuildPhase;
			buildActionMask = 2147483647;
			files = (
				697E05811A434121000146C6 /* BTRUtility.m in Sources */,
				69FF406C1A3F8939000BD092 /* AppDelegate.m in Sources */,
				69FF406F1A3F8939000BD092 /* FirstViewController.m in Sources */,
				69FF40691A3F8939000BD092 /* main.m in Sources */,
				69807B161A42313F0001A154 /* mockupTableViewCell.m in Sources */,
			);
			runOnlyForDeploymentPostprocessing = 0;
		};
		69FF407B1A3F8939000BD092 /* Sources */ = {
			isa = PBXSourcesBuildPhase;
			buildActionMask = 2147483647;
			files = (
				69FF40861A3F8939000BD092 /* BeyondTheRackTests.m in Sources */,
			);
			runOnlyForDeploymentPostprocessing = 0;
		};
/* End PBXSourcesBuildPhase section */

/* Begin PBXTargetDependency section */
		69FF40811A3F8939000BD092 /* PBXTargetDependency */ = {
			isa = PBXTargetDependency;
			target = 69FF40621A3F8939000BD092 /* BeyondTheRack */;
			targetProxy = 69FF40801A3F8939000BD092 /* PBXContainerItemProxy */;
		};
/* End PBXTargetDependency section */

/* Begin PBXVariantGroup section */
		69FF40731A3F8939000BD092 /* Main.storyboard */ = {
			isa = PBXVariantGroup;
			children = (
				69FF40741A3F8939000BD092 /* Base */,
			);
			name = Main.storyboard;
			sourceTree = "<group>";
		};
		69FF40781A3F8939000BD092 /* LaunchScreen.xib */ = {
			isa = PBXVariantGroup;
			children = (
				69FF40791A3F8939000BD092 /* Base */,
			);
			name = LaunchScreen.xib;
			sourceTree = "<group>";
		};
/* End PBXVariantGroup section */

/* Begin XCBuildConfiguration section */
		69FF40871A3F8939000BD092 /* Debug */ = {
			isa = XCBuildConfiguration;
			buildSettings = {
				ALWAYS_SEARCH_USER_PATHS = NO;
				CLANG_CXX_LANGUAGE_STANDARD = "gnu++0x";
				CLANG_CXX_LIBRARY = "libc++";
				CLANG_ENABLE_MODULES = YES;
				CLANG_ENABLE_OBJC_ARC = YES;
				CLANG_WARN_BOOL_CONVERSION = YES;
				CLANG_WARN_CONSTANT_CONVERSION = YES;
				CLANG_WARN_DIRECT_OBJC_ISA_USAGE = YES_ERROR;
				CLANG_WARN_EMPTY_BODY = YES;
				CLANG_WARN_ENUM_CONVERSION = YES;
				CLANG_WARN_INT_CONVERSION = YES;
				CLANG_WARN_OBJC_ROOT_CLASS = YES_ERROR;
				CLANG_WARN_UNREACHABLE_CODE = YES;
				CLANG_WARN__DUPLICATE_METHOD_MATCH = YES;
				"CODE_SIGN_IDENTITY[sdk=iphoneos*]" = "iPhone Developer";
				COPY_PHASE_STRIP = NO;
				ENABLE_STRICT_OBJC_MSGSEND = YES;
				GCC_C_LANGUAGE_STANDARD = gnu99;
				GCC_DYNAMIC_NO_PIC = NO;
				GCC_OPTIMIZATION_LEVEL = 0;
				GCC_PREPROCESSOR_DEFINITIONS = (
					"DEBUG=1",
					"$(inherited)",
				);
				GCC_SYMBOLS_PRIVATE_EXTERN = NO;
				GCC_WARN_64_TO_32_BIT_CONVERSION = YES;
				GCC_WARN_ABOUT_RETURN_TYPE = YES_ERROR;
				GCC_WARN_UNDECLARED_SELECTOR = YES;
				GCC_WARN_UNINITIALIZED_AUTOS = YES_AGGRESSIVE;
				GCC_WARN_UNUSED_FUNCTION = YES;
				GCC_WARN_UNUSED_VARIABLE = YES;
				IPHONEOS_DEPLOYMENT_TARGET = 8.1;
				MTL_ENABLE_DEBUG_INFO = YES;
				ONLY_ACTIVE_ARCH = YES;
				SDKROOT = iphoneos;
				TARGETED_DEVICE_FAMILY = "1,2";
			};
			name = Debug;
		};
		69FF40881A3F8939000BD092 /* Release */ = {
			isa = XCBuildConfiguration;
			buildSettings = {
				ALWAYS_SEARCH_USER_PATHS = NO;
				CLANG_CXX_LANGUAGE_STANDARD = "gnu++0x";
				CLANG_CXX_LIBRARY = "libc++";
				CLANG_ENABLE_MODULES = YES;
				CLANG_ENABLE_OBJC_ARC = YES;
				CLANG_WARN_BOOL_CONVERSION = YES;
				CLANG_WARN_CONSTANT_CONVERSION = YES;
				CLANG_WARN_DIRECT_OBJC_ISA_USAGE = YES_ERROR;
				CLANG_WARN_EMPTY_BODY = YES;
				CLANG_WARN_ENUM_CONVERSION = YES;
				CLANG_WARN_INT_CONVERSION = YES;
				CLANG_WARN_OBJC_ROOT_CLASS = YES_ERROR;
				CLANG_WARN_UNREACHABLE_CODE = YES;
				CLANG_WARN__DUPLICATE_METHOD_MATCH = YES;
				"CODE_SIGN_IDENTITY[sdk=iphoneos*]" = "iPhone Developer";
				COPY_PHASE_STRIP = YES;
				ENABLE_NS_ASSERTIONS = NO;
				ENABLE_STRICT_OBJC_MSGSEND = YES;
				GCC_C_LANGUAGE_STANDARD = gnu99;
				GCC_WARN_64_TO_32_BIT_CONVERSION = YES;
				GCC_WARN_ABOUT_RETURN_TYPE = YES_ERROR;
				GCC_WARN_UNDECLARED_SELECTOR = YES;
				GCC_WARN_UNINITIALIZED_AUTOS = YES_AGGRESSIVE;
				GCC_WARN_UNUSED_FUNCTION = YES;
				GCC_WARN_UNUSED_VARIABLE = YES;
				IPHONEOS_DEPLOYMENT_TARGET = 8.1;
				MTL_ENABLE_DEBUG_INFO = NO;
				SDKROOT = iphoneos;
				TARGETED_DEVICE_FAMILY = "1,2";
				VALIDATE_PRODUCT = YES;
			};
			name = Release;
		};
		69FF408A1A3F8939000BD092 /* Debug */ = {
			isa = XCBuildConfiguration;
			buildSettings = {
				ASSETCATALOG_COMPILER_APPICON_NAME = AppIcon;
				CODE_SIGN_IDENTITY = "iPhone Developer";
				GCC_PRECOMPILE_PREFIX_HEADER = YES;
				GCC_PREFIX_HEADER = "BeyondTheRack/BeyondTheRack-Prefix.pch";
				INFOPLIST_FILE = BeyondTheRack/Info.plist;
				LD_RUNPATH_SEARCH_PATHS = "$(inherited) @executable_path/Frameworks";
				PRODUCT_NAME = "$(TARGET_NAME)";
				TARGETED_DEVICE_FAMILY = 1;
			};
			name = Debug;
		};
		69FF408B1A3F8939000BD092 /* Release */ = {
			isa = XCBuildConfiguration;
			buildSettings = {
				ASSETCATALOG_COMPILER_APPICON_NAME = AppIcon;
				CODE_SIGN_IDENTITY = "iPhone Developer";
				GCC_PRECOMPILE_PREFIX_HEADER = YES;
				GCC_PREFIX_HEADER = "BeyondTheRack/BeyondTheRack-Prefix.pch";
				INFOPLIST_FILE = BeyondTheRack/Info.plist;
				LD_RUNPATH_SEARCH_PATHS = "$(inherited) @executable_path/Frameworks";
				PRODUCT_NAME = "$(TARGET_NAME)";
				TARGETED_DEVICE_FAMILY = 1;
			};
			name = Release;
		};
		69FF408D1A3F8939000BD092 /* Debug */ = {
			isa = XCBuildConfiguration;
			buildSettings = {
				BUNDLE_LOADER = "$(TEST_HOST)";
				FRAMEWORK_SEARCH_PATHS = (
					"$(SDKROOT)/Developer/Library/Frameworks",
					"$(inherited)",
				);
				GCC_PREPROCESSOR_DEFINITIONS = (
					"DEBUG=1",
					"$(inherited)",
				);
				INFOPLIST_FILE = BeyondTheRackTests/Info.plist;
				LD_RUNPATH_SEARCH_PATHS = "$(inherited) @executable_path/Frameworks @loader_path/Frameworks";
				PRODUCT_NAME = "$(TARGET_NAME)";
				TEST_HOST = "$(BUILT_PRODUCTS_DIR)/BeyondTheRack.app/BeyondTheRack";
			};
			name = Debug;
		};
		69FF408E1A3F8939000BD092 /* Release */ = {
			isa = XCBuildConfiguration;
			buildSettings = {
				BUNDLE_LOADER = "$(TEST_HOST)";
				FRAMEWORK_SEARCH_PATHS = (
					"$(SDKROOT)/Developer/Library/Frameworks",
					"$(inherited)",
				);
				INFOPLIST_FILE = BeyondTheRackTests/Info.plist;
				LD_RUNPATH_SEARCH_PATHS = "$(inherited) @executable_path/Frameworks @loader_path/Frameworks";
				PRODUCT_NAME = "$(TARGET_NAME)";
				TEST_HOST = "$(BUILT_PRODUCTS_DIR)/BeyondTheRack.app/BeyondTheRack";
			};
			name = Release;
		};
/* End XCBuildConfiguration section */

/* Begin XCConfigurationList section */
		69FF405E1A3F8939000BD092 /* Build configuration list for PBXProject "BeyondTheRack" */ = {
			isa = XCConfigurationList;
			buildConfigurations = (
				69FF40871A3F8939000BD092 /* Debug */,
				69FF40881A3F8939000BD092 /* Release */,
			);
			defaultConfigurationIsVisible = 0;
			defaultConfigurationName = Release;
		};
		69FF40891A3F8939000BD092 /* Build configuration list for PBXNativeTarget "BeyondTheRack" */ = {
			isa = XCConfigurationList;
			buildConfigurations = (
				69FF408A1A3F8939000BD092 /* Debug */,
				69FF408B1A3F8939000BD092 /* Release */,
			);
			defaultConfigurationIsVisible = 0;
			defaultConfigurationName = Release;
		};
		69FF408C1A3F8939000BD092 /* Build configuration list for PBXNativeTarget "BeyondTheRackTests" */ = {
			isa = XCConfigurationList;
			buildConfigurations = (
				69FF408D1A3F8939000BD092 /* Debug */,
				69FF408E1A3F8939000BD092 /* Release */,
			);
			defaultConfigurationIsVisible = 0;
			defaultConfigurationName = Release;
		};
/* End XCConfigurationList section */
	};
	rootObject = 69FF405B1A3F8939000BD092 /* Project object */;
}
