// !$*UTF8*$!
{
	archiveVersion = 1;
	classes = {
	};
	objectVersion = 46;
	objects = {

/* Begin PBXBuildFile section */
		695F99E41A573DB700A80D12 /* ApprovePurchaseViewController.m in Sources */ = {isa = PBXBuildFile; fileRef = 695F99E31A573DB700A80D12 /* ApprovePurchaseViewController.m */; };
		69765FED1A51BE5A004A0F46 /* MyAccountViewController.m in Sources */ = {isa = PBXBuildFile; fileRef = 69765FEC1A51BE5A004A0F46 /* MyAccountViewController.m */; };
		69765FF01A51BEC2004A0F46 /* MainSceneCategoryCell.m in Sources */ = {isa = PBXBuildFile; fileRef = 69765FEF1A51BEC2004A0F46 /* MainSceneCategoryCell.m */; };
		697E05811A434121000146C6 /* BTRUtility.m in Sources */ = {isa = PBXBuildFile; fileRef = 697E05801A434121000146C6 /* BTRUtility.m */; };
		69807AEA1A4210740001A154 /* neulogo.png in Resources */ = {isa = PBXBuildFile; fileRef = 69807AE91A4210740001A154 /* neulogo.png */; };
		69807AEE1A42131E0001A154 /* neuaccount.png in Resources */ = {isa = PBXBuildFile; fileRef = 69807AED1A42131E0001A154 /* neuaccount.png */; };
		69807AF01A4215490001A154 /* neucart.png in Resources */ = {isa = PBXBuildFile; fileRef = 69807AEF1A4215490001A154 /* neucart.png */; };
		698679FD1A4351A4003CE59C /* neulogocentered.png in Resources */ = {isa = PBXBuildFile; fileRef = 698679FC1A4351A4003CE59C /* neulogocentered.png */; };
		69867A051A43894B003CE59C /* neumyaccount.png in Resources */ = {isa = PBXBuildFile; fileRef = 69867A041A43894B003CE59C /* neumyaccount.png */; };
		69867A071A438A8C003CE59C /* bagicon.png in Resources */ = {isa = PBXBuildFile; fileRef = 69867A061A438A8C003CE59C /* bagicon.png */; };
		69867A0B1A446FCA003CE59C /* backarrowcool.png in Resources */ = {isa = PBXBuildFile; fileRef = 69867A0A1A446FCA003CE59C /* backarrowcool.png */; };
		69867A151A44A701003CE59C /* EventsViewController.m in Sources */ = {isa = PBXBuildFile; fileRef = 69867A141A44A701003CE59C /* EventsViewController.m */; };
		69867A241A48AC26003CE59C /* CollectionCell.m in Sources */ = {isa = PBXBuildFile; fileRef = 69867A231A48AC26003CE59C /* CollectionCell.m */; };
		69B55F0D1A4B1AFC009A5524 /* ShoppingBagViewController.m in Sources */ = {isa = PBXBuildFile; fileRef = 69B55F0B1A4B1AFC009A5524 /* ShoppingBagViewController.m */; };
		69C15AB01A51FFE200D6E358 /* bareffect.png in Resources */ = {isa = PBXBuildFile; fileRef = 69C15AAF1A51FFE200D6E358 /* bareffect.png */; };
		69EB9E131A5B00D2003A48F1 /* itemInBag.png in Resources */ = {isa = PBXBuildFile; fileRef = 69EB9E121A5B00D2003A48F1 /* itemInBag.png */; };
		69F734BF1A5AE21100698081 /* editor.png in Resources */ = {isa = PBXBuildFile; fileRef = 69F734B61A5AE21100698081 /* editor.png */; };
		69F734C01A5AE21100698081 /* future.png in Resources */ = {isa = PBXBuildFile; fileRef = 69F734B71A5AE21100698081 /* future.png */; };
		69F734C11A5AE21100698081 /* home.png in Resources */ = {isa = PBXBuildFile; fileRef = 69F734B81A5AE21100698081 /* home.png */; };
		69F734C21A5AE21100698081 /* kids.png in Resources */ = {isa = PBXBuildFile; fileRef = 69F734B91A5AE21100698081 /* kids.png */; };
		69F734C31A5AE21100698081 /* men.png in Resources */ = {isa = PBXBuildFile; fileRef = 69F734BA1A5AE21100698081 /* men.png */; };
		69F734C41A5AE21100698081 /* men2.png in Resources */ = {isa = PBXBuildFile; fileRef = 69F734BB1A5AE21100698081 /* men2.png */; };
		69F734C51A5AE21100698081 /* specials.png in Resources */ = {isa = PBXBuildFile; fileRef = 69F734BC1A5AE21100698081 /* specials.png */; };
		69F734C61A5AE21100698081 /* women.png in Resources */ = {isa = PBXBuildFile; fileRef = 69F734BD1A5AE21100698081 /* women.png */; };
		69F734C71A5AE21100698081 /* xmasspecials.png in Resources */ = {isa = PBXBuildFile; fileRef = 69F734BE1A5AE21100698081 /* xmasspecials.png */; };
		69F734D71A5AEA0500698081 /* eventcurveycloset.png in Resources */ = {isa = PBXBuildFile; fileRef = 69F734C91A5AEA0500698081 /* eventcurveycloset.png */; };
		69F734D81A5AEA0500698081 /* eventholidaysale.png in Resources */ = {isa = PBXBuildFile; fileRef = 69F734CA1A5AEA0500698081 /* eventholidaysale.png */; };
		69F734D91A5AEA0500698081 /* eventhome1.png in Resources */ = {isa = PBXBuildFile; fileRef = 69F734CB1A5AEA0500698081 /* eventhome1.png */; };
		69F734DA1A5AEA0500698081 /* eventhome2.png in Resources */ = {isa = PBXBuildFile; fileRef = 69F734CC1A5AEA0500698081 /* eventhome2.png */; };
		69F734DB1A5AEA0500698081 /* eventkids.png in Resources */ = {isa = PBXBuildFile; fileRef = 69F734CD1A5AEA0500698081 /* eventkids.png */; };
		69F734DC1A5AEA0500698081 /* eventmen1.png in Resources */ = {isa = PBXBuildFile; fileRef = 69F734CE1A5AEA0500698081 /* eventmen1.png */; };
		69F734DD1A5AEA0500698081 /* eventmen2.png in Resources */ = {isa = PBXBuildFile; fileRef = 69F734CF1A5AEA0500698081 /* eventmen2.png */; };
		69F734DE1A5AEA0500698081 /* eventoutlet1.png in Resources */ = {isa = PBXBuildFile; fileRef = 69F734D01A5AEA0500698081 /* eventoutlet1.png */; };
		69F734DF1A5AEA0500698081 /* eventoutlet2.png in Resources */ = {isa = PBXBuildFile; fileRef = 69F734D11A5AEA0500698081 /* eventoutlet2.png */; };
		69F734E01A5AEA0500698081 /* eventoutlet4.png in Resources */ = {isa = PBXBuildFile; fileRef = 69F734D21A5AEA0500698081 /* eventoutlet4.png */; };
		69F734E11A5AEA0500698081 /* eventputlet3.png in Resources */ = {isa = PBXBuildFile; fileRef = 69F734D31A5AEA0500698081 /* eventputlet3.png */; };
		69F734E21A5AEA0500698081 /* eventwomen1.png in Resources */ = {isa = PBXBuildFile; fileRef = 69F734D41A5AEA0500698081 /* eventwomen1.png */; };
		69F734E31A5AEA0500698081 /* eventwomen2.png in Resources */ = {isa = PBXBuildFile; fileRef = 69F734D51A5AEA0500698081 /* eventwomen2.png */; };
		69F734E41A5AEA0500698081 /* eventwomen3.png in Resources */ = {isa = PBXBuildFile; fileRef = 69F734D61A5AEA0500698081 /* eventwomen3.png */; };
		69FF40691A3F8939000BD092 /* main.m in Sources */ = {isa = PBXBuildFile; fileRef = 69FF40681A3F8939000BD092 /* main.m */; };
		69FF406C1A3F8939000BD092 /* AppDelegate.m in Sources */ = {isa = PBXBuildFile; fileRef = 69FF406B1A3F8939000BD092 /* AppDelegate.m */; };
		69FF40751A3F8939000BD092 /* Main.storyboard in Resources */ = {isa = PBXBuildFile; fileRef = 69FF40731A3F8939000BD092 /* Main.storyboard */; };
		69FF40771A3F8939000BD092 /* Images.xcassets in Resources */ = {isa = PBXBuildFile; fileRef = 69FF40761A3F8939000BD092 /* Images.xcassets */; };
		69FF407A1A3F8939000BD092 /* LaunchScreen.xib in Resources */ = {isa = PBXBuildFile; fileRef = 69FF40781A3F8939000BD092 /* LaunchScreen.xib */; };
		69FF40861A3F8939000BD092 /* BeyondTheRackTests.m in Sources */ = {isa = PBXBuildFile; fileRef = 69FF40851A3F8939000BD092 /* BeyondTheRackTests.m */; };
/* End PBXBuildFile section */

/* Begin PBXContainerItemProxy section */
		69FF40801A3F8939000BD092 /* PBXContainerItemProxy */ = {
			isa = PBXContainerItemProxy;
			containerPortal = 69FF405B1A3F8939000BD092 /* Project object */;
			proxyType = 1;
			remoteGlobalIDString = 69FF40621A3F8939000BD092;
			remoteInfo = BeyondTheRack;
		};
/* End PBXContainerItemProxy section */

/* Begin PBXFileReference section */
		695F99E21A573DB700A80D12 /* ApprovePurchaseViewController.h */ = {isa = PBXFileReference; fileEncoding = 4; lastKnownFileType = sourcecode.c.h; path = ApprovePurchaseViewController.h; sourceTree = "<group>"; };
		695F99E31A573DB700A80D12 /* ApprovePurchaseViewController.m */ = {isa = PBXFileReference; fileEncoding = 4; lastKnownFileType = sourcecode.c.objc; path = ApprovePurchaseViewController.m; sourceTree = "<group>"; };
		69765FEB1A51BE5A004A0F46 /* MyAccountViewController.h */ = {isa = PBXFileReference; fileEncoding = 4; lastKnownFileType = sourcecode.c.h; path = MyAccountViewController.h; sourceTree = "<group>"; };
		69765FEC1A51BE5A004A0F46 /* MyAccountViewController.m */ = {isa = PBXFileReference; fileEncoding = 4; lastKnownFileType = sourcecode.c.objc; path = MyAccountViewController.m; sourceTree = "<group>"; };
		69765FEE1A51BEC2004A0F46 /* MainSceneCategoryCell.h */ = {isa = PBXFileReference; fileEncoding = 4; lastKnownFileType = sourcecode.c.h; path = MainSceneCategoryCell.h; sourceTree = "<group>"; };
		69765FEF1A51BEC2004A0F46 /* MainSceneCategoryCell.m */ = {isa = PBXFileReference; fileEncoding = 4; lastKnownFileType = sourcecode.c.objc; path = MainSceneCategoryCell.m; sourceTree = "<group>"; };
		697E057F1A434121000146C6 /* BTRUtility.h */ = {isa = PBXFileReference; fileEncoding = 4; lastKnownFileType = sourcecode.c.h; path = BTRUtility.h; sourceTree = "<group>"; };
		697E05801A434121000146C6 /* BTRUtility.m */ = {isa = PBXFileReference; fileEncoding = 4; lastKnownFileType = sourcecode.c.objc; path = BTRUtility.m; sourceTree = "<group>"; };
		69807AE91A4210740001A154 /* neulogo.png */ = {isa = PBXFileReference; lastKnownFileType = image.png; path = neulogo.png; sourceTree = "<group>"; };
		69807AED1A42131E0001A154 /* neuaccount.png */ = {isa = PBXFileReference; lastKnownFileType = image.png; path = neuaccount.png; sourceTree = "<group>"; };
		69807AEF1A4215490001A154 /* neucart.png */ = {isa = PBXFileReference; lastKnownFileType = image.png; path = neucart.png; sourceTree = "<group>"; };
		698679FB1A434860003CE59C /* BeyondTheRack-Prefix.pch */ = {isa = PBXFileReference; fileEncoding = 4; lastKnownFileType = sourcecode.c.h; path = "BeyondTheRack-Prefix.pch"; sourceTree = "<group>"; };
		698679FC1A4351A4003CE59C /* neulogocentered.png */ = {isa = PBXFileReference; lastKnownFileType = image.png; path = neulogocentered.png; sourceTree = "<group>"; };
		69867A041A43894B003CE59C /* neumyaccount.png */ = {isa = PBXFileReference; lastKnownFileType = image.png; path = neumyaccount.png; sourceTree = "<group>"; };
		69867A061A438A8C003CE59C /* bagicon.png */ = {isa = PBXFileReference; lastKnownFileType = image.png; path = bagicon.png; sourceTree = "<group>"; };
		69867A0A1A446FCA003CE59C /* backarrowcool.png */ = {isa = PBXFileReference; lastKnownFileType = image.png; path = backarrowcool.png; sourceTree = "<group>"; };
		69867A131A44A701003CE59C /* EventsViewController.h */ = {isa = PBXFileReference; fileEncoding = 4; lastKnownFileType = sourcecode.c.h; path = EventsViewController.h; sourceTree = "<group>"; };
		69867A141A44A701003CE59C /* EventsViewController.m */ = {isa = PBXFileReference; fileEncoding = 4; lastKnownFileType = sourcecode.c.objc; path = EventsViewController.m; sourceTree = "<group>"; };
		69867A221A48AC26003CE59C /* CollectionCell.h */ = {isa = PBXFileReference; fileEncoding = 4; lastKnownFileType = sourcecode.c.h; path = CollectionCell.h; sourceTree = "<group>"; };
		69867A231A48AC26003CE59C /* CollectionCell.m */ = {isa = PBXFileReference; fileEncoding = 4; lastKnownFileType = sourcecode.c.objc; path = CollectionCell.m; sourceTree = "<group>"; };
		69B55F0A1A4B1AFC009A5524 /* ShoppingBagViewController.h */ = {isa = PBXFileReference; fileEncoding = 4; lastKnownFileType = sourcecode.c.h; path = ShoppingBagViewController.h; sourceTree = "<group>"; };
		69B55F0B1A4B1AFC009A5524 /* ShoppingBagViewController.m */ = {isa = PBXFileReference; fileEncoding = 4; lastKnownFileType = sourcecode.c.objc; path = ShoppingBagViewController.m; sourceTree = "<group>"; };
		69C15AAF1A51FFE200D6E358 /* bareffect.png */ = {isa = PBXFileReference; lastKnownFileType = image.png; path = bareffect.png; sourceTree = "<group>"; };
		69EB9E121A5B00D2003A48F1 /* itemInBag.png */ = {isa = PBXFileReference; lastKnownFileType = image.png; path = itemInBag.png; sourceTree = "<group>"; };
		69F734B61A5AE21100698081 /* editor.png */ = {isa = PBXFileReference; lastKnownFileType = image.png; path = editor.png; sourceTree = "<group>"; };
		69F734B71A5AE21100698081 /* future.png */ = {isa = PBXFileReference; lastKnownFileType = image.png; path = future.png; sourceTree = "<group>"; };
		69F734B81A5AE21100698081 /* home.png */ = {isa = PBXFileReference; lastKnownFileType = image.png; path = home.png; sourceTree = "<group>"; };
		69F734B91A5AE21100698081 /* kids.png */ = {isa = PBXFileReference; lastKnownFileType = image.png; path = kids.png; sourceTree = "<group>"; };
		69F734BA1A5AE21100698081 /* men.png */ = {isa = PBXFileReference; lastKnownFileType = image.png; path = men.png; sourceTree = "<group>"; };
		69F734BB1A5AE21100698081 /* men2.png */ = {isa = PBXFileReference; lastKnownFileType = image.png; path = men2.png; sourceTree = "<group>"; };
		69F734BC1A5AE21100698081 /* specials.png */ = {isa = PBXFileReference; lastKnownFileType = image.png; path = specials.png; sourceTree = "<group>"; };
		69F734BD1A5AE21100698081 /* women.png */ = {isa = PBXFileReference; lastKnownFileType = image.png; path = women.png; sourceTree = "<group>"; };
		69F734BE1A5AE21100698081 /* xmasspecials.png */ = {isa = PBXFileReference; lastKnownFileType = image.png; path = xmasspecials.png; sourceTree = "<group>"; };
		69F734C91A5AEA0500698081 /* eventcurveycloset.png */ = {isa = PBXFileReference; lastKnownFileType = image.png; path = eventcurveycloset.png; sourceTree = "<group>"; };
		69F734CA1A5AEA0500698081 /* eventholidaysale.png */ = {isa = PBXFileReference; lastKnownFileType = image.png; path = eventholidaysale.png; sourceTree = "<group>"; };
		69F734CB1A5AEA0500698081 /* eventhome1.png */ = {isa = PBXFileReference; lastKnownFileType = image.png; path = eventhome1.png; sourceTree = "<group>"; };
		69F734CC1A5AEA0500698081 /* eventhome2.png */ = {isa = PBXFileReference; lastKnownFileType = image.png; path = eventhome2.png; sourceTree = "<group>"; };
		69F734CD1A5AEA0500698081 /* eventkids.png */ = {isa = PBXFileReference; lastKnownFileType = image.png; path = eventkids.png; sourceTree = "<group>"; };
		69F734CE1A5AEA0500698081 /* eventmen1.png */ = {isa = PBXFileReference; lastKnownFileType = image.png; path = eventmen1.png; sourceTree = "<group>"; };
		69F734CF1A5AEA0500698081 /* eventmen2.png */ = {isa = PBXFileReference; lastKnownFileType = image.png; path = eventmen2.png; sourceTree = "<group>"; };
		69F734D01A5AEA0500698081 /* eventoutlet1.png */ = {isa = PBXFileReference; lastKnownFileType = image.png; path = eventoutlet1.png; sourceTree = "<group>"; };
		69F734D11A5AEA0500698081 /* eventoutlet2.png */ = {isa = PBXFileReference; lastKnownFileType = image.png; path = eventoutlet2.png; sourceTree = "<group>"; };
		69F734D21A5AEA0500698081 /* eventoutlet4.png */ = {isa = PBXFileReference; lastKnownFileType = image.png; path = eventoutlet4.png; sourceTree = "<group>"; };
		69F734D31A5AEA0500698081 /* eventputlet3.png */ = {isa = PBXFileReference; lastKnownFileType = image.png; path = eventputlet3.png; sourceTree = "<group>"; };
		69F734D41A5AEA0500698081 /* eventwomen1.png */ = {isa = PBXFileReference; lastKnownFileType = image.png; path = eventwomen1.png; sourceTree = "<group>"; };
		69F734D51A5AEA0500698081 /* eventwomen2.png */ = {isa = PBXFileReference; lastKnownFileType = image.png; path = eventwomen2.png; sourceTree = "<group>"; };
		69F734D61A5AEA0500698081 /* eventwomen3.png */ = {isa = PBXFileReference; lastKnownFileType = image.png; path = eventwomen3.png; sourceTree = "<group>"; };
		69FF40631A3F8939000BD092 /* BeyondTheRack.app */ = {isa = PBXFileReference; explicitFileType = wrapper.application; includeInIndex = 0; path = BeyondTheRack.app; sourceTree = BUILT_PRODUCTS_DIR; };
		69FF40671A3F8939000BD092 /* Info.plist */ = {isa = PBXFileReference; lastKnownFileType = text.plist.xml; path = Info.plist; sourceTree = "<group>"; };
		69FF40681A3F8939000BD092 /* main.m */ = {isa = PBXFileReference; lastKnownFileType = sourcecode.c.objc; path = main.m; sourceTree = "<group>"; };
		69FF406A1A3F8939000BD092 /* AppDelegate.h */ = {isa = PBXFileReference; lastKnownFileType = sourcecode.c.h; path = AppDelegate.h; sourceTree = "<group>"; };
		69FF406B1A3F8939000BD092 /* AppDelegate.m */ = {isa = PBXFileReference; lastKnownFileType = sourcecode.c.objc; path = AppDelegate.m; sourceTree = "<group>"; };
		69FF40741A3F8939000BD092 /* Base */ = {isa = PBXFileReference; lastKnownFileType = file.storyboard; name = Base; path = Base.lproj/Main.storyboard; sourceTree = "<group>"; };
		69FF40761A3F8939000BD092 /* Images.xcassets */ = {isa = PBXFileReference; lastKnownFileType = folder.assetcatalog; path = Images.xcassets; sourceTree = "<group>"; };
		69FF40791A3F8939000BD092 /* Base */ = {isa = PBXFileReference; lastKnownFileType = file.xib; name = Base; path = Base.lproj/LaunchScreen.xib; sourceTree = "<group>"; };
		69FF407F1A3F8939000BD092 /* BeyondTheRackTests.xctest */ = {isa = PBXFileReference; explicitFileType = wrapper.cfbundle; includeInIndex = 0; path = BeyondTheRackTests.xctest; sourceTree = BUILT_PRODUCTS_DIR; };
		69FF40841A3F8939000BD092 /* Info.plist */ = {isa = PBXFileReference; lastKnownFileType = text.plist.xml; path = Info.plist; sourceTree = "<group>"; };
		69FF40851A3F8939000BD092 /* BeyondTheRackTests.m */ = {isa = PBXFileReference; lastKnownFileType = sourcecode.c.objc; path = BeyondTheRackTests.m; sourceTree = "<group>"; };
/* End PBXFileReference section */

/* Begin PBXFrameworksBuildPhase section */
		69FF40601A3F8939000BD092 /* Frameworks */ = {
			isa = PBXFrameworksBuildPhase;
			buildActionMask = 2147483647;
			files = (
			);
			runOnlyForDeploymentPostprocessing = 0;
		};
		69FF407C1A3F8939000BD092 /* Frameworks */ = {
			isa = PBXFrameworksBuildPhase;
			buildActionMask = 2147483647;
			files = (
			);
			runOnlyForDeploymentPostprocessing = 0;
		};
/* End PBXFrameworksBuildPhase section */

/* Begin PBXGroup section */
		695F99D81A573D1500A80D12 /* checkout */ = {
			isa = PBXGroup;
			children = (
				69B55F0A1A4B1AFC009A5524 /* ShoppingBagViewController.h */,
				69B55F0B1A4B1AFC009A5524 /* ShoppingBagViewController.m */,
				695F99E21A573DB700A80D12 /* ApprovePurchaseViewController.h */,
				695F99E31A573DB700A80D12 /* ApprovePurchaseViewController.m */,
			);
			name = checkout;
			sourceTree = "<group>";
		};
		697E057A1A432FCD000146C6 /* model */ = {
			isa = PBXGroup;
			children = (
			);
			path = model;
			sourceTree = "<group>";
		};
		697E057B1A432FCD000146C6 /* view */ = {
			isa = PBXGroup;
			children = (
				69765FEE1A51BEC2004A0F46 /* MainSceneCategoryCell.h */,
				69765FEF1A51BEC2004A0F46 /* MainSceneCategoryCell.m */,
				69867A221A48AC26003CE59C /* CollectionCell.h */,
				69867A231A48AC26003CE59C /* CollectionCell.m */,
			);
			path = view;
			sourceTree = "<group>";
		};
		697E057C1A432FCD000146C6 /* viewcontroller */ = {
			isa = PBXGroup;
			children = (
				69867A131A44A701003CE59C /* EventsViewController.h */,
				69867A141A44A701003CE59C /* EventsViewController.m */,
				69765FEB1A51BE5A004A0F46 /* MyAccountViewController.h */,
				69765FEC1A51BE5A004A0F46 /* MyAccountViewController.m */,
				695F99D81A573D1500A80D12 /* checkout */,
			);
			path = viewcontroller;
			sourceTree = "<group>";
		};
		69807AE21A420BB00001A154 /* images */ = {
			isa = PBXGroup;
			children = (
				69EB9E121A5B00D2003A48F1 /* itemInBag.png */,
				69F734C81A5AEA0500698081 /* eventpics */,
				69B55F0F1A4B44A2009A5524 /* category pics */,
				69867A0A1A446FCA003CE59C /* backarrowcool.png */,
				69867A061A438A8C003CE59C /* bagicon.png */,
				69867A041A43894B003CE59C /* neumyaccount.png */,
				698679FC1A4351A4003CE59C /* neulogocentered.png */,
				69807AED1A42131E0001A154 /* neuaccount.png */,
				69807AEF1A4215490001A154 /* neucart.png */,
				69807AE91A4210740001A154 /* neulogo.png */,
			);
			path = images;
			sourceTree = "<group>";
		};
		69867A0F1A4480C7003CE59C /* Resources */ = {
			isa = PBXGroup;
			children = (
				697E057F1A434121000146C6 /* BTRUtility.h */,
				697E05801A434121000146C6 /* BTRUtility.m */,
			);
			name = Resources;
			sourceTree = "<group>";
		};
		69B55F0F1A4B44A2009A5524 /* category pics */ = {
			isa = PBXGroup;
			children = (
				69F734B61A5AE21100698081 /* editor.png */,
				69F734B71A5AE21100698081 /* future.png */,
				69F734B81A5AE21100698081 /* home.png */,
				69F734B91A5AE21100698081 /* kids.png */,
				69F734BA1A5AE21100698081 /* men.png */,
				69F734BB1A5AE21100698081 /* men2.png */,
				69F734BC1A5AE21100698081 /* specials.png */,
				69F734BD1A5AE21100698081 /* women.png */,
				69F734BE1A5AE21100698081 /* xmasspecials.png */,
				69C15AAF1A51FFE200D6E358 /* bareffect.png */,
			);
			path = "category pics";
			sourceTree = "<group>";
		};
		69F734C81A5AEA0500698081 /* eventpics */ = {
			isa = PBXGroup;
			children = (
				69F734C91A5AEA0500698081 /* eventcurveycloset.png */,
				69F734CA1A5AEA0500698081 /* eventholidaysale.png */,
				69F734CB1A5AEA0500698081 /* eventhome1.png */,
				69F734CC1A5AEA0500698081 /* eventhome2.png */,
				69F734CD1A5AEA0500698081 /* eventkids.png */,
				69F734CE1A5AEA0500698081 /* eventmen1.png */,
				69F734CF1A5AEA0500698081 /* eventmen2.png */,
				69F734D01A5AEA0500698081 /* eventoutlet1.png */,
				69F734D11A5AEA0500698081 /* eventoutlet2.png */,
				69F734D21A5AEA0500698081 /* eventoutlet4.png */,
				69F734D31A5AEA0500698081 /* eventputlet3.png */,
				69F734D41A5AEA0500698081 /* eventwomen1.png */,
				69F734D51A5AEA0500698081 /* eventwomen2.png */,
				69F734D61A5AEA0500698081 /* eventwomen3.png */,
			);
			path = eventpics;
			sourceTree = "<group>";
		};
		69FF405A1A3F8939000BD092 = {
			isa = PBXGroup;
			children = (
				69FF40651A3F8939000BD092 /* BeyondTheRack */,
				69FF40821A3F8939000BD092 /* BeyondTheRackTests */,
				69FF40641A3F8939000BD092 /* Products */,
			);
			sourceTree = "<group>";
		};
		69FF40641A3F8939000BD092 /* Products */ = {
			isa = PBXGroup;
			children = (
				69FF40631A3F8939000BD092 /* BeyondTheRack.app */,
				69FF407F1A3F8939000BD092 /* BeyondTheRackTests.xctest */,
			);
			name = Products;
			sourceTree = "<group>";
		};
		69FF40651A3F8939000BD092 /* BeyondTheRack */ = {
			isa = PBXGroup;
			children = (
				69FF40731A3F8939000BD092 /* Main.storyboard */,
				69FF406A1A3F8939000BD092 /* AppDelegate.h */,
				69FF406B1A3F8939000BD092 /* AppDelegate.m */,
				69FF40761A3F8939000BD092 /* Images.xcassets */,
				69FF40781A3F8939000BD092 /* LaunchScreen.xib */,
				697E057A1A432FCD000146C6 /* model */,
				697E057B1A432FCD000146C6 /* view */,
				697E057C1A432FCD000146C6 /* viewcontroller */,
				69867A0F1A4480C7003CE59C /* Resources */,
				69FF40661A3F8939000BD092 /* Supporting Files */,
			);
			path = BeyondTheRack;
			sourceTree = "<group>";
		};
		69FF40661A3F8939000BD092 /* Supporting Files */ = {
			isa = PBXGroup;
			children = (
				69807AE21A420BB00001A154 /* images */,
				69FF40671A3F8939000BD092 /* Info.plist */,
				69FF40681A3F8939000BD092 /* main.m */,
				698679FB1A434860003CE59C /* BeyondTheRack-Prefix.pch */,
			);
			name = "Supporting Files";
			sourceTree = "<group>";
		};
		69FF40821A3F8939000BD092 /* BeyondTheRackTests */ = {
			isa = PBXGroup;
			children = (
				69FF40851A3F8939000BD092 /* BeyondTheRackTests.m */,
				69FF40831A3F8939000BD092 /* Supporting Files */,
			);
			path = BeyondTheRackTests;
			sourceTree = "<group>";
		};
		69FF40831A3F8939000BD092 /* Supporting Files */ = {
			isa = PBXGroup;
			children = (
				69FF40841A3F8939000BD092 /* Info.plist */,
			);
			name = "Supporting Files";
			sourceTree = "<group>";
		};
/* End PBXGroup section */

/* Begin PBXNativeTarget section */
		69FF40621A3F8939000BD092 /* BeyondTheRack */ = {
			isa = PBXNativeTarget;
			buildConfigurationList = 69FF40891A3F8939000BD092 /* Build configuration list for PBXNativeTarget "BeyondTheRack" */;
			buildPhases = (
				69FF405F1A3F8939000BD092 /* Sources */,
				69FF40601A3F8939000BD092 /* Frameworks */,
				69FF40611A3F8939000BD092 /* Resources */,
			);
			buildRules = (
			);
			dependencies = (
			);
			name = BeyondTheRack;
			productName = BeyondTheRack;
			productReference = 69FF40631A3F8939000BD092 /* BeyondTheRack.app */;
			productType = "com.apple.product-type.application";
		};
		69FF407E1A3F8939000BD092 /* BeyondTheRackTests */ = {
			isa = PBXNativeTarget;
			buildConfigurationList = 69FF408C1A3F8939000BD092 /* Build configuration list for PBXNativeTarget "BeyondTheRackTests" */;
			buildPhases = (
				69FF407B1A3F8939000BD092 /* Sources */,
				69FF407C1A3F8939000BD092 /* Frameworks */,
				69FF407D1A3F8939000BD092 /* Resources */,
			);
			buildRules = (
			);
			dependencies = (
				69FF40811A3F8939000BD092 /* PBXTargetDependency */,
			);
			name = BeyondTheRackTests;
			productName = BeyondTheRackTests;
			productReference = 69FF407F1A3F8939000BD092 /* BeyondTheRackTests.xctest */;
			productType = "com.apple.product-type.bundle.unit-test";
		};
/* End PBXNativeTarget section */

/* Begin PBXProject section */
		69FF405B1A3F8939000BD092 /* Project object */ = {
			isa = PBXProject;
			attributes = {
				LastUpgradeCheck = 0610;
				ORGANIZATIONNAME = "Hadi Kheyruri";
				TargetAttributes = {
					69FF40621A3F8939000BD092 = {
						CreatedOnToolsVersion = 6.1.1;
						DevelopmentTeam = 3S2C62DEUW;
					};
					69FF407E1A3F8939000BD092 = {
						CreatedOnToolsVersion = 6.1.1;
						TestTargetID = 69FF40621A3F8939000BD092;
					};
				};
			};
			buildConfigurationList = 69FF405E1A3F8939000BD092 /* Build configuration list for PBXProject "BeyondTheRack" */;
			compatibilityVersion = "Xcode 3.2";
			developmentRegion = English;
			hasScannedForEncodings = 0;
			knownRegions = (
				en,
				Base,
			);
			mainGroup = 69FF405A1A3F8939000BD092;
			productRefGroup = 69FF40641A3F8939000BD092 /* Products */;
			projectDirPath = "";
			projectRoot = "";
			targets = (
				69FF40621A3F8939000BD092 /* BeyondTheRack */,
				69FF407E1A3F8939000BD092 /* BeyondTheRackTests */,
			);
		};
/* End PBXProject section */

/* Begin PBXResourcesBuildPhase section */
		69FF40611A3F8939000BD092 /* Resources */ = {
			isa = PBXResourcesBuildPhase;
			buildActionMask = 2147483647;
			files = (
				69F734D71A5AEA0500698081 /* eventcurveycloset.png in Resources */,
				69EB9E131A5B00D2003A48F1 /* itemInBag.png in Resources */,
				69807AEE1A42131E0001A154 /* neuaccount.png in Resources */,
				69F734D81A5AEA0500698081 /* eventholidaysale.png in Resources */,
				69FF40751A3F8939000BD092 /* Main.storyboard in Resources */,
				69F734C11A5AE21100698081 /* home.png in Resources */,
				69F734C51A5AE21100698081 /* specials.png in Resources */,
				69F734DA1A5AEA0500698081 /* eventhome2.png in Resources */,
				69807AF01A4215490001A154 /* neucart.png in Resources */,
				69FF407A1A3F8939000BD092 /* LaunchScreen.xib in Resources */,
				69F734E41A5AEA0500698081 /* eventwomen3.png in Resources */,
				69F734DC1A5AEA0500698081 /* eventmen1.png in Resources */,
				69F734E11A5AEA0500698081 /* eventputlet3.png in Resources */,
				698679FD1A4351A4003CE59C /* neulogocentered.png in Resources */,
				69F734DE1A5AEA0500698081 /* eventoutlet1.png in Resources */,
				69C15AB01A51FFE200D6E358 /* bareffect.png in Resources */,
				69F734C01A5AE21100698081 /* future.png in Resources */,
				69F734D91A5AEA0500698081 /* eventhome1.png in Resources */,
				69FF40771A3F8939000BD092 /* Images.xcassets in Resources */,
				69807AEA1A4210740001A154 /* neulogo.png in Resources */,
				69F734C31A5AE21100698081 /* men.png in Resources */,
				69F734C71A5AE21100698081 /* xmasspecials.png in Resources */,
				69F734DF1A5AEA0500698081 /* eventoutlet2.png in Resources */,
				69F734E31A5AEA0500698081 /* eventwomen2.png in Resources */,
				69F734BF1A5AE21100698081 /* editor.png in Resources */,
				69F734C21A5AE21100698081 /* kids.png in Resources */,
				69867A051A43894B003CE59C /* neumyaccount.png in Resources */,
				69F734C61A5AE21100698081 /* women.png in Resources */,
				69867A0B1A446FCA003CE59C /* backarrowcool.png in Resources */,
				69F734C41A5AE21100698081 /* men2.png in Resources */,
				69F734E21A5AEA0500698081 /* eventwomen1.png in Resources */,
				69F734E01A5AEA0500698081 /* eventoutlet4.png in Resources */,
				69867A071A438A8C003CE59C /* bagicon.png in Resources */,
				69F734DB1A5AEA0500698081 /* eventkids.png in Resources */,
				69F734DD1A5AEA0500698081 /* eventmen2.png in Resources */,
			);
			runOnlyForDeploymentPostprocessing = 0;
		};
		69FF407D1A3F8939000BD092 /* Resources */ = {
			isa = PBXResourcesBuildPhase;
			buildActionMask = 2147483647;
			files = (
			);
			runOnlyForDeploymentPostprocessing = 0;
		};
/* End PBXResourcesBuildPhase section */

/* Begin PBXSourcesBuildPhase section */
		69FF405F1A3F8939000BD092 /* Sources */ = {
			isa = PBXSourcesBuildPhase;
			buildActionMask = 2147483647;
			files = (
				695F99E41A573DB700A80D12 /* ApprovePurchaseViewController.m in Sources */,
				69765FF01A51BEC2004A0F46 /* MainSceneCategoryCell.m in Sources */,
				69867A241A48AC26003CE59C /* CollectionCell.m in Sources */,
				697E05811A434121000146C6 /* BTRUtility.m in Sources */,
				69867A151A44A701003CE59C /* EventsViewController.m in Sources */,
				69FF406C1A3F8939000BD092 /* AppDelegate.m in Sources */,
				69765FED1A51BE5A004A0F46 /* MyAccountViewController.m in Sources */,
				69FF40691A3F8939000BD092 /* main.m in Sources */,
				69B55F0D1A4B1AFC009A5524 /* ShoppingBagViewController.m in Sources */,
			);
			runOnlyForDeploymentPostprocessing = 0;
		};
		69FF407B1A3F8939000BD092 /* Sources */ = {
			isa = PBXSourcesBuildPhase;
			buildActionMask = 2147483647;
			files = (
				69FF40861A3F8939000BD092 /* BeyondTheRackTests.m in Sources */,
			);
			runOnlyForDeploymentPostprocessing = 0;
		};
/* End PBXSourcesBuildPhase section */

/* Begin PBXTargetDependency section */
		69FF40811A3F8939000BD092 /* PBXTargetDependency */ = {
			isa = PBXTargetDependency;
			target = 69FF40621A3F8939000BD092 /* BeyondTheRack */;
			targetProxy = 69FF40801A3F8939000BD092 /* PBXContainerItemProxy */;
		};
/* End PBXTargetDependency section */

/* Begin PBXVariantGroup section */
		69FF40731A3F8939000BD092 /* Main.storyboard */ = {
			isa = PBXVariantGroup;
			children = (
				69FF40741A3F8939000BD092 /* Base */,
			);
			name = Main.storyboard;
			sourceTree = "<group>";
		};
		69FF40781A3F8939000BD092 /* LaunchScreen.xib */ = {
			isa = PBXVariantGroup;
			children = (
				69FF40791A3F8939000BD092 /* Base */,
			);
			name = LaunchScreen.xib;
			sourceTree = "<group>";
		};
/* End PBXVariantGroup section */

/* Begin XCBuildConfiguration section */
		69FF40871A3F8939000BD092 /* Debug */ = {
			isa = XCBuildConfiguration;
			buildSettings = {
				ALWAYS_SEARCH_USER_PATHS = NO;
				CLANG_CXX_LANGUAGE_STANDARD = "gnu++0x";
				CLANG_CXX_LIBRARY = "libc++";
				CLANG_ENABLE_MODULES = YES;
				CLANG_ENABLE_OBJC_ARC = YES;
				CLANG_WARN_BOOL_CONVERSION = YES;
				CLANG_WARN_CONSTANT_CONVERSION = YES;
				CLANG_WARN_DIRECT_OBJC_ISA_USAGE = YES_ERROR;
				CLANG_WARN_EMPTY_BODY = YES;
				CLANG_WARN_ENUM_CONVERSION = YES;
				CLANG_WARN_INT_CONVERSION = YES;
				CLANG_WARN_OBJC_ROOT_CLASS = YES_ERROR;
				CLANG_WARN_UNREACHABLE_CODE = YES;
				CLANG_WARN__DUPLICATE_METHOD_MATCH = YES;
				"CODE_SIGN_IDENTITY[sdk=iphoneos*]" = "iPhone Developer";
				COPY_PHASE_STRIP = NO;
				ENABLE_STRICT_OBJC_MSGSEND = YES;
				GCC_C_LANGUAGE_STANDARD = gnu99;
				GCC_DYNAMIC_NO_PIC = NO;
				GCC_OPTIMIZATION_LEVEL = 0;
				GCC_PREPROCESSOR_DEFINITIONS = (
					"DEBUG=1",
					"$(inherited)",
				);
				GCC_SYMBOLS_PRIVATE_EXTERN = NO;
				GCC_WARN_64_TO_32_BIT_CONVERSION = YES;
				GCC_WARN_ABOUT_RETURN_TYPE = YES_ERROR;
				GCC_WARN_UNDECLARED_SELECTOR = YES;
				GCC_WARN_UNINITIALIZED_AUTOS = YES_AGGRESSIVE;
				GCC_WARN_UNUSED_FUNCTION = YES;
				GCC_WARN_UNUSED_VARIABLE = YES;
				IPHONEOS_DEPLOYMENT_TARGET = 8.1;
				MTL_ENABLE_DEBUG_INFO = YES;
				ONLY_ACTIVE_ARCH = YES;
				SDKROOT = iphoneos;
				TARGETED_DEVICE_FAMILY = "1,2";
			};
			name = Debug;
		};
		69FF40881A3F8939000BD092 /* Release */ = {
			isa = XCBuildConfiguration;
			buildSettings = {
				ALWAYS_SEARCH_USER_PATHS = NO;
				CLANG_CXX_LANGUAGE_STANDARD = "gnu++0x";
				CLANG_CXX_LIBRARY = "libc++";
				CLANG_ENABLE_MODULES = YES;
				CLANG_ENABLE_OBJC_ARC = YES;
				CLANG_WARN_BOOL_CONVERSION = YES;
				CLANG_WARN_CONSTANT_CONVERSION = YES;
				CLANG_WARN_DIRECT_OBJC_ISA_USAGE = YES_ERROR;
				CLANG_WARN_EMPTY_BODY = YES;
				CLANG_WARN_ENUM_CONVERSION = YES;
				CLANG_WARN_INT_CONVERSION = YES;
				CLANG_WARN_OBJC_ROOT_CLASS = YES_ERROR;
				CLANG_WARN_UNREACHABLE_CODE = YES;
				CLANG_WARN__DUPLICATE_METHOD_MATCH = YES;
				"CODE_SIGN_IDENTITY[sdk=iphoneos*]" = "iPhone Developer";
				COPY_PHASE_STRIP = YES;
				ENABLE_NS_ASSERTIONS = NO;
				ENABLE_STRICT_OBJC_MSGSEND = YES;
				GCC_C_LANGUAGE_STANDARD = gnu99;
				GCC_WARN_64_TO_32_BIT_CONVERSION = YES;
				GCC_WARN_ABOUT_RETURN_TYPE = YES_ERROR;
				GCC_WARN_UNDECLARED_SELECTOR = YES;
				GCC_WARN_UNINITIALIZED_AUTOS = YES_AGGRESSIVE;
				GCC_WARN_UNUSED_FUNCTION = YES;
				GCC_WARN_UNUSED_VARIABLE = YES;
				IPHONEOS_DEPLOYMENT_TARGET = 8.1;
				MTL_ENABLE_DEBUG_INFO = NO;
				SDKROOT = iphoneos;
				TARGETED_DEVICE_FAMILY = "1,2";
				VALIDATE_PRODUCT = YES;
			};
			name = Release;
		};
		69FF408A1A3F8939000BD092 /* Debug */ = {
			isa = XCBuildConfiguration;
			buildSettings = {
				ASSETCATALOG_COMPILER_APPICON_NAME = AppIcon;
				CODE_SIGN_IDENTITY = "iPhone Developer";
				GCC_PRECOMPILE_PREFIX_HEADER = YES;
				GCC_PREFIX_HEADER = "BeyondTheRack/BeyondTheRack-Prefix.pch";
				INFOPLIST_FILE = BeyondTheRack/Info.plist;
				LD_RUNPATH_SEARCH_PATHS = "$(inherited) @executable_path/Frameworks";
				PRODUCT_NAME = "$(TARGET_NAME)";
				TARGETED_DEVICE_FAMILY = 1;
			};
			name = Debug;
		};
		69FF408B1A3F8939000BD092 /* Release */ = {
			isa = XCBuildConfiguration;
			buildSettings = {
				ASSETCATALOG_COMPILER_APPICON_NAME = AppIcon;
				CODE_SIGN_IDENTITY = "iPhone Developer";
				GCC_PRECOMPILE_PREFIX_HEADER = YES;
				GCC_PREFIX_HEADER = "BeyondTheRack/BeyondTheRack-Prefix.pch";
				INFOPLIST_FILE = BeyondTheRack/Info.plist;
				LD_RUNPATH_SEARCH_PATHS = "$(inherited) @executable_path/Frameworks";
				PRODUCT_NAME = "$(TARGET_NAME)";
				TARGETED_DEVICE_FAMILY = 1;
			};
			name = Release;
		};
		69FF408D1A3F8939000BD092 /* Debug */ = {
			isa = XCBuildConfiguration;
			buildSettings = {
				BUNDLE_LOADER = "$(TEST_HOST)";
				FRAMEWORK_SEARCH_PATHS = (
					"$(SDKROOT)/Developer/Library/Frameworks",
					"$(inherited)",
				);
				GCC_PREPROCESSOR_DEFINITIONS = (
					"DEBUG=1",
					"$(inherited)",
				);
				INFOPLIST_FILE = BeyondTheRackTests/Info.plist;
				LD_RUNPATH_SEARCH_PATHS = "$(inherited) @executable_path/Frameworks @loader_path/Frameworks";
				PRODUCT_NAME = "$(TARGET_NAME)";
				TEST_HOST = "$(BUILT_PRODUCTS_DIR)/BeyondTheRack.app/BeyondTheRack";
			};
			name = Debug;
		};
		69FF408E1A3F8939000BD092 /* Release */ = {
			isa = XCBuildConfiguration;
			buildSettings = {
				BUNDLE_LOADER = "$(TEST_HOST)";
				FRAMEWORK_SEARCH_PATHS = (
					"$(SDKROOT)/Developer/Library/Frameworks",
					"$(inherited)",
				);
				INFOPLIST_FILE = BeyondTheRackTests/Info.plist;
				LD_RUNPATH_SEARCH_PATHS = "$(inherited) @executable_path/Frameworks @loader_path/Frameworks";
				PRODUCT_NAME = "$(TARGET_NAME)";
				TEST_HOST = "$(BUILT_PRODUCTS_DIR)/BeyondTheRack.app/BeyondTheRack";
			};
			name = Release;
		};
/* End XCBuildConfiguration section */

/* Begin XCConfigurationList section */
		69FF405E1A3F8939000BD092 /* Build configuration list for PBXProject "BeyondTheRack" */ = {
			isa = XCConfigurationList;
			buildConfigurations = (
				69FF40871A3F8939000BD092 /* Debug */,
				69FF40881A3F8939000BD092 /* Release */,
			);
			defaultConfigurationIsVisible = 0;
			defaultConfigurationName = Release;
		};
		69FF40891A3F8939000BD092 /* Build configuration list for PBXNativeTarget "BeyondTheRack" */ = {
			isa = XCConfigurationList;
			buildConfigurations = (
				69FF408A1A3F8939000BD092 /* Debug */,
				69FF408B1A3F8939000BD092 /* Release */,
			);
			defaultConfigurationIsVisible = 0;
			defaultConfigurationName = Release;
		};
		69FF408C1A3F8939000BD092 /* Build configuration list for PBXNativeTarget "BeyondTheRackTests" */ = {
			isa = XCConfigurationList;
			buildConfigurations = (
				69FF408D1A3F8939000BD092 /* Debug */,
				69FF408E1A3F8939000BD092 /* Release */,
			);
			defaultConfigurationIsVisible = 0;
			defaultConfigurationName = Release;
		};
/* End XCConfigurationList section */
	};
	rootObject = 69FF405B1A3F8939000BD092 /* Project object */;
}
